PODS:
  - Bolts/Tasks (1.8.4)
  - Parse (1.14.2):
    - Bolts/Tasks (~> 1.8)
  - SwiftyJSON (3.0.0)

DEPENDENCIES:
  - Parse
  - SwiftyJSON

SPEC CHECKSUMS:
  Bolts: 8a7995239dbe724f9cba2248b766d48b7ebdd322
  Parse: 4335d65f40cb3d43190d723144bbe1afb9c38230
  SwiftyJSON: f57b2b44bc166617372d1c70773591fe9f0f5fd4

PODFILE CHECKSUM: 32729cb8cfd9db856d711f0acddca4dc60e71726

COCOAPODS: 1.0.1
