// !$*UTF8*$!
{
	archiveVersion = 1;
	classes = {
	};
	objectVersion = 52;
	objects = {

/* Begin PBXBuildFile section */
		F8111586281E148600DE8E59 /* MapViewHelpers.swift in Sources */ = {isa = PBXBuildFile; fileRef = F8111585281E148600DE8E59 /* MapViewHelpers.swift */; };
		F8111589281E1B3300DE8E59 /* LocationAnnotation.swift in Sources */ = {isa = PBXBuildFile; fileRef = F8111588281E1B3300DE8E59 /* LocationAnnotation.swift */; };
		F811158B281E1B4500DE8E59 /* VesselAnnotation.swift in Sources */ = {isa = PBXBuildFile; fileRef = F811158A281E1B4500DE8E59 /* VesselAnnotation.swift */; };
		F89E0BA6264FB65200A232E5 /* Status+Extensions.swift in Sources */ = {isa = PBXBuildFile; fileRef = F89E0BA5264FB65200A232E5 /* Status+Extensions.swift */; };
		F8A3CB37264F841100D2E4AE /* CircleView.swift in Sources */ = {isa = PBXBuildFile; fileRef = F8A3CB36264F841100D2E4AE /* CircleView.swift */; };
		FD075CE41A734FDF00C78250 /* Settings.bundle in Resources */ = {isa = PBXBuildFile; fileRef = FD075CE31A734FDF00C78250 /* Settings.bundle */; };
		FD1B5FAD258479150098B96B /* Vessel.swift in Sources */ = {isa = PBXBuildFile; fileRef = FD1B5F85258479150098B96B /* Vessel.swift */; };
		FD1B5FAF258479150098B96B /* APIError.swift in Sources */ = {isa = PBXBuildFile; fileRef = FD1B5F88258479150098B96B /* APIError.swift */; };
		FD1B5FB0258479150098B96B /* APIClient.swift in Sources */ = {isa = PBXBuildFile; fileRef = FD1B5F89258479150098B96B /* APIClient.swift */; };
		FD1B5FB1258479150098B96B /* DisruptionsCell.swift in Sources */ = {isa = PBXBuildFile; fileRef = FD1B5F8C258479150098B96B /* DisruptionsCell.swift */; };
		FD1B5FB2258479150098B96B /* WeatherCell.swift in Sources */ = {isa = PBXBuildFile; fileRef = FD1B5F8D258479150098B96B /* WeatherCell.swift */; };
		FD1B5FB3258479150098B96B /* ServiceDetailViewController.swift in Sources */ = {isa = PBXBuildFile; fileRef = FD1B5F8E258479150098B96B /* ServiceDetailViewController.swift */; };
		FD1B5FB4258479150098B96B /* WeatherCell.xib in Resources */ = {isa = PBXBuildFile; fileRef = FD1B5F8F258479150098B96B /* WeatherCell.xib */; };
		FD1B5FB5258479150098B96B /* LoadingCell.swift in Sources */ = {isa = PBXBuildFile; fileRef = FD1B5F90258479150098B96B /* LoadingCell.swift */; };
		FD1B5FB6258479150098B96B /* DisruptionsCell.xib in Resources */ = {isa = PBXBuildFile; fileRef = FD1B5F91258479150098B96B /* DisruptionsCell.xib */; };
		FD1B5FB7258479150098B96B /* TextCell.swift in Sources */ = {isa = PBXBuildFile; fileRef = FD1B5F92258479150098B96B /* TextCell.swift */; };
		FD1B5FB8258479150098B96B /* AlertCell.swift in Sources */ = {isa = PBXBuildFile; fileRef = FD1B5F93258479150098B96B /* AlertCell.swift */; };
		FD1B5FB9258479150098B96B /* NoDisruptionCell.swift in Sources */ = {isa = PBXBuildFile; fileRef = FD1B5F94258479150098B96B /* NoDisruptionCell.swift */; };
		FD1B5FBA258479150098B96B /* NoDisruptionsCell.xib in Resources */ = {isa = PBXBuildFile; fileRef = FD1B5F95258479150098B96B /* NoDisruptionsCell.xib */; };
		FD1B5FBB258479150098B96B /* AlertCell.xib in Resources */ = {isa = PBXBuildFile; fileRef = FD1B5F96258479150098B96B /* AlertCell.xib */; };
		FD1B5FBC258479150098B96B /* TextOnlyCell.xib in Resources */ = {isa = PBXBuildFile; fileRef = FD1B5F97258479150098B96B /* TextOnlyCell.xib */; };
		FD1B5FBD258479150098B96B /* MapViewController.swift in Sources */ = {isa = PBXBuildFile; fileRef = FD1B5F99258479150098B96B /* MapViewController.swift */; };
		FD1B5FBE258479150098B96B /* WebInformationViewController.swift in Sources */ = {isa = PBXBuildFile; fileRef = FD1B5F9B258479150098B96B /* WebInformationViewController.swift */; };
		FD1B5FBF258479150098B96B /* TimetablePreviewViewController.swift in Sources */ = {isa = PBXBuildFile; fileRef = FD1B5F9D258479150098B96B /* TimetablePreviewViewController.swift */; };
		FD1B5FC0258479150098B96B /* SearchResultsViewController.swift in Sources */ = {isa = PBXBuildFile; fileRef = FD1B5F9F258479150098B96B /* SearchResultsViewController.swift */; };
		FD1B5FC1258479150098B96B /* ServiceStatusCell.xib in Resources */ = {isa = PBXBuildFile; fileRef = FD1B5FA0258479150098B96B /* ServiceStatusCell.xib */; };
		FD1B5FC2258479150098B96B /* ServicesViewController.swift in Sources */ = {isa = PBXBuildFile; fileRef = FD1B5FA1258479150098B96B /* ServicesViewController.swift */; };
		FD1B5FC3258479150098B96B /* ServiceStatusCell.swift in Sources */ = {isa = PBXBuildFile; fileRef = FD1B5FA2258479150098B96B /* ServiceStatusCell.swift */; };
		FD1B5FC4258479150098B96B /* NSDate+extensions.swift in Sources */ = {isa = PBXBuildFile; fileRef = FD1B5FA5258479150098B96B /* NSDate+extensions.swift */; };
		FD1B5FC6258479150098B96B /* String+extensions.swift in Sources */ = {isa = PBXBuildFile; fileRef = FD1B5FA7258479150098B96B /* String+extensions.swift */; };
		FD1B5FC7258479150098B96B /* UIImage+extensions.swift in Sources */ = {isa = PBXBuildFile; fileRef = FD1B5FA8258479150098B96B /* UIImage+extensions.swift */; };
		FD1B5FC8258479150098B96B /* Utility.swift in Sources */ = {isa = PBXBuildFile; fileRef = FD1B5FA9258479150098B96B /* Utility.swift */; };
		FD1B5FC9258479150098B96B /* LastViewedServices.swift in Sources */ = {isa = PBXBuildFile; fileRef = FD1B5FAA258479150098B96B /* LastViewedServices.swift */; };
		FD1B5FCA258479150098B96B /* Double+extensions.swift in Sources */ = {isa = PBXBuildFile; fileRef = FD1B5FAB258479150098B96B /* Double+extensions.swift */; };
		FD1B5FCE2584794E0098B96B /* Service.swift in Sources */ = {isa = PBXBuildFile; fileRef = FD1B5FCD2584794E0098B96B /* Service.swift */; };
		FD1B5FD4258479E10098B96B /* Decoder.swift in Sources */ = {isa = PBXBuildFile; fileRef = FD1B5FD3258479E10098B96B /* Decoder.swift */; };
		FD4B7C6B1A589CC800CCD5C5 /* APIKeys.swift in Sources */ = {isa = PBXBuildFile; fileRef = FD4B7C6A1A589CC800CCD5C5 /* APIKeys.swift */; };
		FD753ED6197A256E00CC5DE3 /* AppDelegate.swift in Sources */ = {isa = PBXBuildFile; fileRef = FD753ED5197A256E00CC5DE3 /* AppDelegate.swift */; };
		FD753EDB197A256E00CC5DE3 /* Main.storyboard in Resources */ = {isa = PBXBuildFile; fileRef = FD753ED9197A256E00CC5DE3 /* Main.storyboard */; };
		FD753EDD197A256E00CC5DE3 /* Images.xcassets in Resources */ = {isa = PBXBuildFile; fileRef = FD753EDC197A256E00CC5DE3 /* Images.xcassets */; };
		FD753EE9197A256E00CC5DE3 /* FerryServices_2Tests.swift in Sources */ = {isa = PBXBuildFile; fileRef = FD753EE8197A256E00CC5DE3 /* FerryServices_2Tests.swift */; };
		FD839D6F257B112E00D12705 /* Colors.xcassets in Resources */ = {isa = PBXBuildFile; fileRef = FD839D6E257B112E00D12705 /* Colors.xcassets */; };
		FD8819E61A998BDA002A976A /* AudioToolbox.framework in Frameworks */ = {isa = PBXBuildFile; fileRef = FD8819E51A998BDA002A976A /* AudioToolbox.framework */; };
		FD8819E81A998BE4002A976A /* CFNetwork.framework in Frameworks */ = {isa = PBXBuildFile; fileRef = FD8819E71A998BE4002A976A /* CFNetwork.framework */; };
		FD8819EA1A998BEE002A976A /* CoreGraphics.framework in Frameworks */ = {isa = PBXBuildFile; fileRef = FD8819E91A998BEE002A976A /* CoreGraphics.framework */; };
		FD8819EC1A998BFA002A976A /* CoreLocation.framework in Frameworks */ = {isa = PBXBuildFile; fileRef = FD8819EB1A998BFA002A976A /* CoreLocation.framework */; };
		FD8819EF1A998C10002A976A /* QuartzCore.framework in Frameworks */ = {isa = PBXBuildFile; fileRef = FD90CF2D19C40EA7009E1D74 /* QuartzCore.framework */; };
		FD8819F11A998C1C002A976A /* Security.framework in Frameworks */ = {isa = PBXBuildFile; fileRef = FD8819F01A998C1C002A976A /* Security.framework */; };
		FD8819F51A998C34002A976A /* SystemConfiguration.framework in Frameworks */ = {isa = PBXBuildFile; fileRef = FD8819F41A998C34002A976A /* SystemConfiguration.framework */; };
		FD8819F71A998C43002A976A /* libz.dylib in Frameworks */ = {isa = PBXBuildFile; fileRef = FD8819F61A998C43002A976A /* libz.dylib */; };
		FD8819F91A998C52002A976A /* libsqlite3.dylib in Frameworks */ = {isa = PBXBuildFile; fileRef = FD8819F81A998C52002A976A /* libsqlite3.dylib */; };
		FD8819FD1A998D76002A976A /* Accounts.framework in Frameworks */ = {isa = PBXBuildFile; fileRef = FD8819FC1A998D76002A976A /* Accounts.framework */; };
		FD8819FF1A998DAA002A976A /* Social.framework in Frameworks */ = {isa = PBXBuildFile; fileRef = FD8819FE1A998DAA002A976A /* Social.framework */; };
		FD90CF3019C40F3F009E1D74 /* QuickLook.framework in Frameworks */ = {isa = PBXBuildFile; fileRef = FD90CF2F19C40F3F009E1D74 /* QuickLook.framework */; };
		FD9C66171A16CADC0050D99F /* Timetables in Resources */ = {isa = PBXBuildFile; fileRef = FD9C66161A16CADC0050D99F /* Timetables */; };
		FDB2A774257B2293000B0659 /* Sentry in Frameworks */ = {isa = PBXBuildFile; productRef = FDB2A773257B2293000B0659 /* Sentry */; };
		FDB2A77E257B25E0000B0659 /* CoreServices.framework in Frameworks */ = {isa = PBXBuildFile; fileRef = FDB2A77D257B25E0000B0659 /* CoreServices.framework */; };
		FDB2A78A257B2716000B0659 /* Launch Screen.storyboard in Resources */ = {isa = PBXBuildFile; fileRef = FDB2A789257B2716000B0659 /* Launch Screen.storyboard */; };
		FDC03DE919DFDD8D000CE1FA /* services.json in Resources */ = {isa = PBXBuildFile; fileRef = FDC03DE819DFDD8D000CE1FA /* services.json */; };
		FDE0814F1983B9F600760870 /* MapKit.framework in Frameworks */ = {isa = PBXBuildFile; fileRef = FDE0814E1983B9F600760870 /* MapKit.framework */; };
/* End PBXBuildFile section */

/* Begin PBXContainerItemProxy section */
		FD753EE3197A256E00CC5DE3 /* PBXContainerItemProxy */ = {
			isa = PBXContainerItemProxy;
			containerPortal = FD753EC8197A256E00CC5DE3 /* Project object */;
			proxyType = 1;
			remoteGlobalIDString = FD753ECF197A256E00CC5DE3;
			remoteInfo = FerryServices_2;
		};
/* End PBXContainerItemProxy section */

/* Begin PBXCopyFilesBuildPhase section */
		FDBD7DCF1DB18FDD00698A70 /* Embed Foundation Extensions */ = {
			isa = PBXCopyFilesBuildPhase;
			buildActionMask = 2147483647;
			dstPath = "";
			dstSubfolderSpec = 13;
			files = (
			);
			name = "Embed Foundation Extensions";
			runOnlyForDeploymentPostprocessing = 0;
		};
		FDE391C51C1561AE000EDE26 /* Embed Watch Content */ = {
			isa = PBXCopyFilesBuildPhase;
			buildActionMask = 2147483647;
			dstPath = "$(CONTENTS_FOLDER_PATH)/Watch";
			dstSubfolderSpec = 16;
			files = (
			);
			name = "Embed Watch Content";
			runOnlyForDeploymentPostprocessing = 0;
		};
/* End PBXCopyFilesBuildPhase section */

/* Begin PBXFileReference section */
		02D9493F193C4A87EAD799AC /* Pods.framework */ = {isa = PBXFileReference; explicitFileType = wrapper.framework; includeInIndex = 0; path = Pods.framework; sourceTree = BUILT_PRODUCTS_DIR; };
		F8111585281E148600DE8E59 /* MapViewHelpers.swift */ = {isa = PBXFileReference; lastKnownFileType = sourcecode.swift; path = MapViewHelpers.swift; sourceTree = "<group>"; };
		F8111588281E1B3300DE8E59 /* LocationAnnotation.swift */ = {isa = PBXFileReference; lastKnownFileType = sourcecode.swift; path = LocationAnnotation.swift; sourceTree = "<group>"; };
		F811158A281E1B4500DE8E59 /* VesselAnnotation.swift */ = {isa = PBXFileReference; lastKnownFileType = sourcecode.swift; path = VesselAnnotation.swift; sourceTree = "<group>"; };
		F89E0BA5264FB65200A232E5 /* Status+Extensions.swift */ = {isa = PBXFileReference; lastKnownFileType = sourcecode.swift; path = "Status+Extensions.swift"; sourceTree = "<group>"; };
		F8A3CB36264F841100D2E4AE /* CircleView.swift */ = {isa = PBXFileReference; lastKnownFileType = sourcecode.swift; path = CircleView.swift; sourceTree = "<group>"; };
		FD075CE31A734FDF00C78250 /* Settings.bundle */ = {isa = PBXFileReference; lastKnownFileType = "wrapper.plug-in"; path = Settings.bundle; sourceTree = "<group>"; };
		FD1B5F85258479150098B96B /* Vessel.swift */ = {isa = PBXFileReference; fileEncoding = 4; lastKnownFileType = sourcecode.swift; path = Vessel.swift; sourceTree = "<group>"; };
		FD1B5F88258479150098B96B /* APIError.swift */ = {isa = PBXFileReference; fileEncoding = 4; lastKnownFileType = sourcecode.swift; path = APIError.swift; sourceTree = "<group>"; };
		FD1B5F89258479150098B96B /* APIClient.swift */ = {isa = PBXFileReference; fileEncoding = 4; lastKnownFileType = sourcecode.swift; path = APIClient.swift; sourceTree = "<group>"; };
		FD1B5F8C258479150098B96B /* DisruptionsCell.swift */ = {isa = PBXFileReference; fileEncoding = 4; lastKnownFileType = sourcecode.swift; path = DisruptionsCell.swift; sourceTree = "<group>"; };
		FD1B5F8D258479150098B96B /* WeatherCell.swift */ = {isa = PBXFileReference; fileEncoding = 4; lastKnownFileType = sourcecode.swift; path = WeatherCell.swift; sourceTree = "<group>"; };
		FD1B5F8E258479150098B96B /* ServiceDetailViewController.swift */ = {isa = PBXFileReference; fileEncoding = 4; lastKnownFileType = sourcecode.swift; path = ServiceDetailViewController.swift; sourceTree = "<group>"; };
		FD1B5F8F258479150098B96B /* WeatherCell.xib */ = {isa = PBXFileReference; fileEncoding = 4; lastKnownFileType = file.xib; path = WeatherCell.xib; sourceTree = "<group>"; };
		FD1B5F90258479150098B96B /* LoadingCell.swift */ = {isa = PBXFileReference; fileEncoding = 4; lastKnownFileType = sourcecode.swift; path = LoadingCell.swift; sourceTree = "<group>"; };
		FD1B5F91258479150098B96B /* DisruptionsCell.xib */ = {isa = PBXFileReference; fileEncoding = 4; lastKnownFileType = file.xib; path = DisruptionsCell.xib; sourceTree = "<group>"; };
		FD1B5F92258479150098B96B /* TextCell.swift */ = {isa = PBXFileReference; fileEncoding = 4; lastKnownFileType = sourcecode.swift; path = TextCell.swift; sourceTree = "<group>"; };
		FD1B5F93258479150098B96B /* AlertCell.swift */ = {isa = PBXFileReference; fileEncoding = 4; lastKnownFileType = sourcecode.swift; path = AlertCell.swift; sourceTree = "<group>"; };
		FD1B5F94258479150098B96B /* NoDisruptionCell.swift */ = {isa = PBXFileReference; fileEncoding = 4; lastKnownFileType = sourcecode.swift; path = NoDisruptionCell.swift; sourceTree = "<group>"; };
		FD1B5F95258479150098B96B /* NoDisruptionsCell.xib */ = {isa = PBXFileReference; fileEncoding = 4; lastKnownFileType = file.xib; path = NoDisruptionsCell.xib; sourceTree = "<group>"; };
		FD1B5F96258479150098B96B /* AlertCell.xib */ = {isa = PBXFileReference; fileEncoding = 4; lastKnownFileType = file.xib; path = AlertCell.xib; sourceTree = "<group>"; };
		FD1B5F97258479150098B96B /* TextOnlyCell.xib */ = {isa = PBXFileReference; fileEncoding = 4; lastKnownFileType = file.xib; path = TextOnlyCell.xib; sourceTree = "<group>"; };
		FD1B5F99258479150098B96B /* MapViewController.swift */ = {isa = PBXFileReference; fileEncoding = 4; lastKnownFileType = sourcecode.swift; path = MapViewController.swift; sourceTree = "<group>"; };
		FD1B5F9B258479150098B96B /* WebInformationViewController.swift */ = {isa = PBXFileReference; fileEncoding = 4; lastKnownFileType = sourcecode.swift; path = WebInformationViewController.swift; sourceTree = "<group>"; };
		FD1B5F9D258479150098B96B /* TimetablePreviewViewController.swift */ = {isa = PBXFileReference; fileEncoding = 4; lastKnownFileType = sourcecode.swift; path = TimetablePreviewViewController.swift; sourceTree = "<group>"; };
		FD1B5F9F258479150098B96B /* SearchResultsViewController.swift */ = {isa = PBXFileReference; fileEncoding = 4; lastKnownFileType = sourcecode.swift; path = SearchResultsViewController.swift; sourceTree = "<group>"; };
		FD1B5FA0258479150098B96B /* ServiceStatusCell.xib */ = {isa = PBXFileReference; fileEncoding = 4; lastKnownFileType = file.xib; path = ServiceStatusCell.xib; sourceTree = "<group>"; };
		FD1B5FA1258479150098B96B /* ServicesViewController.swift */ = {isa = PBXFileReference; fileEncoding = 4; lastKnownFileType = sourcecode.swift; path = ServicesViewController.swift; sourceTree = "<group>"; };
		FD1B5FA2258479150098B96B /* ServiceStatusCell.swift */ = {isa = PBXFileReference; fileEncoding = 4; lastKnownFileType = sourcecode.swift; path = ServiceStatusCell.swift; sourceTree = "<group>"; };
		FD1B5FA5258479150098B96B /* NSDate+extensions.swift */ = {isa = PBXFileReference; fileEncoding = 4; lastKnownFileType = sourcecode.swift; path = "NSDate+extensions.swift"; sourceTree = "<group>"; };
		FD1B5FA7258479150098B96B /* String+extensions.swift */ = {isa = PBXFileReference; fileEncoding = 4; lastKnownFileType = sourcecode.swift; path = "String+extensions.swift"; sourceTree = "<group>"; };
		FD1B5FA8258479150098B96B /* UIImage+extensions.swift */ = {isa = PBXFileReference; fileEncoding = 4; lastKnownFileType = sourcecode.swift; path = "UIImage+extensions.swift"; sourceTree = "<group>"; };
		FD1B5FA9258479150098B96B /* Utility.swift */ = {isa = PBXFileReference; fileEncoding = 4; lastKnownFileType = sourcecode.swift; path = Utility.swift; sourceTree = "<group>"; };
		FD1B5FAA258479150098B96B /* LastViewedServices.swift */ = {isa = PBXFileReference; fileEncoding = 4; lastKnownFileType = sourcecode.swift; path = LastViewedServices.swift; sourceTree = "<group>"; };
		FD1B5FAB258479150098B96B /* Double+extensions.swift */ = {isa = PBXFileReference; fileEncoding = 4; lastKnownFileType = sourcecode.swift; path = "Double+extensions.swift"; sourceTree = "<group>"; };
		FD1B5FCD2584794E0098B96B /* Service.swift */ = {isa = PBXFileReference; lastKnownFileType = sourcecode.swift; path = Service.swift; sourceTree = "<group>"; };
		FD1B5FD3258479E10098B96B /* Decoder.swift */ = {isa = PBXFileReference; lastKnownFileType = sourcecode.swift; path = Decoder.swift; sourceTree = "<group>"; };
		FD4B7C6A1A589CC800CCD5C5 /* APIKeys.swift */ = {isa = PBXFileReference; fileEncoding = 4; lastKnownFileType = sourcecode.swift; path = APIKeys.swift; sourceTree = "<group>"; };
		FD5E7DB5197A30AF00F438F6 /* FerryServices_2-Bridging-Header.h */ = {isa = PBXFileReference; lastKnownFileType = sourcecode.c.h; lineEnding = 0; path = "FerryServices_2-Bridging-Header.h"; sourceTree = "<group>"; xcLanguageSpecificationIdentifier = xcode.lang.objcpp; };
		FD753ED0197A256E00CC5DE3 /* FerryServices_2.app */ = {isa = PBXFileReference; explicitFileType = wrapper.application; includeInIndex = 0; path = FerryServices_2.app; sourceTree = BUILT_PRODUCTS_DIR; };
		FD753ED4197A256E00CC5DE3 /* Info.plist */ = {isa = PBXFileReference; lastKnownFileType = text.plist.xml; path = Info.plist; sourceTree = "<group>"; };
		FD753ED5197A256E00CC5DE3 /* AppDelegate.swift */ = {isa = PBXFileReference; lastKnownFileType = sourcecode.swift; path = AppDelegate.swift; sourceTree = "<group>"; };
		FD753EDA197A256E00CC5DE3 /* Base */ = {isa = PBXFileReference; lastKnownFileType = file.storyboard; name = Base; path = Base.lproj/Main.storyboard; sourceTree = "<group>"; };
		FD753EDC197A256E00CC5DE3 /* Images.xcassets */ = {isa = PBXFileReference; lastKnownFileType = folder.assetcatalog; path = Images.xcassets; sourceTree = "<group>"; };
		FD753EE2197A256E00CC5DE3 /* FerryServices_2Tests.xctest */ = {isa = PBXFileReference; explicitFileType = wrapper.cfbundle; includeInIndex = 0; path = FerryServices_2Tests.xctest; sourceTree = BUILT_PRODUCTS_DIR; };
		FD753EE7197A256E00CC5DE3 /* Info.plist */ = {isa = PBXFileReference; lastKnownFileType = text.plist.xml; path = Info.plist; sourceTree = "<group>"; };
		FD753EE8197A256E00CC5DE3 /* FerryServices_2Tests.swift */ = {isa = PBXFileReference; lastKnownFileType = sourcecode.swift; path = FerryServices_2Tests.swift; sourceTree = "<group>"; };
		FD839D6E257B112E00D12705 /* Colors.xcassets */ = {isa = PBXFileReference; lastKnownFileType = folder.assetcatalog; path = Colors.xcassets; sourceTree = "<group>"; };
		FD8819E51A998BDA002A976A /* AudioToolbox.framework */ = {isa = PBXFileReference; lastKnownFileType = wrapper.framework; name = AudioToolbox.framework; path = System/Library/Frameworks/AudioToolbox.framework; sourceTree = SDKROOT; };
		FD8819E71A998BE4002A976A /* CFNetwork.framework */ = {isa = PBXFileReference; lastKnownFileType = wrapper.framework; name = CFNetwork.framework; path = System/Library/Frameworks/CFNetwork.framework; sourceTree = SDKROOT; };
		FD8819E91A998BEE002A976A /* CoreGraphics.framework */ = {isa = PBXFileReference; lastKnownFileType = wrapper.framework; name = CoreGraphics.framework; path = System/Library/Frameworks/CoreGraphics.framework; sourceTree = SDKROOT; };
		FD8819EB1A998BFA002A976A /* CoreLocation.framework */ = {isa = PBXFileReference; lastKnownFileType = wrapper.framework; name = CoreLocation.framework; path = System/Library/Frameworks/CoreLocation.framework; sourceTree = SDKROOT; };
		FD8819ED1A998C05002A976A /* MobileCoreServices.framework */ = {isa = PBXFileReference; lastKnownFileType = wrapper.framework; name = MobileCoreServices.framework; path = System/Library/Frameworks/MobileCoreServices.framework; sourceTree = SDKROOT; };
		FD8819F01A998C1C002A976A /* Security.framework */ = {isa = PBXFileReference; lastKnownFileType = wrapper.framework; name = Security.framework; path = System/Library/Frameworks/Security.framework; sourceTree = SDKROOT; };
		FD8819F41A998C34002A976A /* SystemConfiguration.framework */ = {isa = PBXFileReference; lastKnownFileType = wrapper.framework; name = SystemConfiguration.framework; path = System/Library/Frameworks/SystemConfiguration.framework; sourceTree = SDKROOT; };
		FD8819F61A998C43002A976A /* libz.dylib */ = {isa = PBXFileReference; lastKnownFileType = "compiled.mach-o.dylib"; name = libz.dylib; path = usr/lib/libz.dylib; sourceTree = SDKROOT; };
		FD8819F81A998C52002A976A /* libsqlite3.dylib */ = {isa = PBXFileReference; lastKnownFileType = "compiled.mach-o.dylib"; name = libsqlite3.dylib; path = usr/lib/libsqlite3.dylib; sourceTree = SDKROOT; };
		FD8819FA1A998CFC002A976A /* Twitter.framework */ = {isa = PBXFileReference; lastKnownFileType = wrapper.framework; name = Twitter.framework; path = System/Library/Frameworks/Twitter.framework; sourceTree = SDKROOT; };
		FD8819FC1A998D76002A976A /* Accounts.framework */ = {isa = PBXFileReference; lastKnownFileType = wrapper.framework; name = Accounts.framework; path = System/Library/Frameworks/Accounts.framework; sourceTree = SDKROOT; };
		FD8819FE1A998DAA002A976A /* Social.framework */ = {isa = PBXFileReference; lastKnownFileType = wrapper.framework; name = Social.framework; path = System/Library/Frameworks/Social.framework; sourceTree = SDKROOT; };
		FD8DDDB119B094B0008479DC /* Crashlytics.framework */ = {isa = PBXFileReference; lastKnownFileType = wrapper.framework; path = Crashlytics.framework; sourceTree = "<group>"; };
		FD90CF2D19C40EA7009E1D74 /* QuartzCore.framework */ = {isa = PBXFileReference; lastKnownFileType = wrapper.framework; name = QuartzCore.framework; path = System/Library/Frameworks/QuartzCore.framework; sourceTree = SDKROOT; };
		FD90CF2F19C40F3F009E1D74 /* QuickLook.framework */ = {isa = PBXFileReference; lastKnownFileType = wrapper.framework; name = QuickLook.framework; path = System/Library/Frameworks/QuickLook.framework; sourceTree = SDKROOT; };
		FD9432D219CD0DAC003BBD23 /* libPods-AFNetworking.a */ = {isa = PBXFileReference; lastKnownFileType = archive.ar; name = "libPods-AFNetworking.a"; path = "Pods/build/Debug-iphoneos/libPods-AFNetworking.a"; sourceTree = "<group>"; };
		FD9432D319CD0DAC003BBD23 /* libPods-FMDB.a */ = {isa = PBXFileReference; lastKnownFileType = archive.ar; name = "libPods-FMDB.a"; path = "Pods/build/Debug-iphoneos/libPods-FMDB.a"; sourceTree = "<group>"; };
		FD9432D619CD0EA4003BBD23 /* libPods.a */ = {isa = PBXFileReference; lastKnownFileType = archive.ar; name = libPods.a; path = "Pods/build/Debug-iphoneos/libPods.a"; sourceTree = "<group>"; };
		FD9C66161A16CADC0050D99F /* Timetables */ = {isa = PBXFileReference; lastKnownFileType = folder; path = Timetables; sourceTree = SOURCE_ROOT; };
		FDB2A77D257B25E0000B0659 /* CoreServices.framework */ = {isa = PBXFileReference; lastKnownFileType = wrapper.framework; name = CoreServices.framework; path = System/Library/Frameworks/CoreServices.framework; sourceTree = SDKROOT; };
		FDB2A789257B2716000B0659 /* Launch Screen.storyboard */ = {isa = PBXFileReference; lastKnownFileType = file.storyboard; path = "Launch Screen.storyboard"; sourceTree = "<group>"; };
		FDB7695A1DA0AF33009F0CC1 /* Fabric.framework */ = {isa = PBXFileReference; lastKnownFileType = wrapper.framework; path = Fabric.framework; sourceTree = "<group>"; };
		FDBD7DC01DB18FDD00698A70 /* NotificationCenter.framework */ = {isa = PBXFileReference; lastKnownFileType = wrapper.framework; name = NotificationCenter.framework; path = System/Library/Frameworks/NotificationCenter.framework; sourceTree = SDKROOT; };
		FDC03DE819DFDD8D000CE1FA /* services.json */ = {isa = PBXFileReference; fileEncoding = 4; lastKnownFileType = text.json; path = services.json; sourceTree = "<group>"; };
		FDC34B5D1D9736B600A12758 /* FerryServices_2.entitlements */ = {isa = PBXFileReference; lastKnownFileType = text.plist.entitlements; path = FerryServices_2.entitlements; sourceTree = "<group>"; };
		FDE0814E1983B9F600760870 /* MapKit.framework */ = {isa = PBXFileReference; lastKnownFileType = wrapper.framework; name = MapKit.framework; path = System/Library/Frameworks/MapKit.framework; sourceTree = SDKROOT; };
/* End PBXFileReference section */

/* Begin PBXFrameworksBuildPhase section */
		FD753ECD197A256E00CC5DE3 /* Frameworks */ = {
			isa = PBXFrameworksBuildPhase;
			buildActionMask = 2147483647;
			files = (
				FD8819FF1A998DAA002A976A /* Social.framework in Frameworks */,
				FD8819FD1A998D76002A976A /* Accounts.framework in Frameworks */,
				FD8819F91A998C52002A976A /* libsqlite3.dylib in Frameworks */,
				FD8819F71A998C43002A976A /* libz.dylib in Frameworks */,
				FD8819F51A998C34002A976A /* SystemConfiguration.framework in Frameworks */,
				FDB2A774257B2293000B0659 /* Sentry in Frameworks */,
				FD8819F11A998C1C002A976A /* Security.framework in Frameworks */,
				FD8819EF1A998C10002A976A /* QuartzCore.framework in Frameworks */,
				FD8819EC1A998BFA002A976A /* CoreLocation.framework in Frameworks */,
				FD8819EA1A998BEE002A976A /* CoreGraphics.framework in Frameworks */,
				FD8819E81A998BE4002A976A /* CFNetwork.framework in Frameworks */,
				FD8819E61A998BDA002A976A /* AudioToolbox.framework in Frameworks */,
				FD90CF3019C40F3F009E1D74 /* QuickLook.framework in Frameworks */,
				FDE0814F1983B9F600760870 /* MapKit.framework in Frameworks */,
				FDB2A77E257B25E0000B0659 /* CoreServices.framework in Frameworks */,
			);
			runOnlyForDeploymentPostprocessing = 0;
		};
		FD753EDF197A256E00CC5DE3 /* Frameworks */ = {
			isa = PBXFrameworksBuildPhase;
			buildActionMask = 2147483647;
			files = (
			);
			runOnlyForDeploymentPostprocessing = 0;
		};
/* End PBXFrameworksBuildPhase section */

/* Begin PBXGroup section */
		6EDBA5D50D1A4FB6B0F250B5 /* Frameworks */ = {
			isa = PBXGroup;
			children = (
				FDB2A77D257B25E0000B0659 /* CoreServices.framework */,
				FD8819FE1A998DAA002A976A /* Social.framework */,
				FD8819FC1A998D76002A976A /* Accounts.framework */,
				FD8819FA1A998CFC002A976A /* Twitter.framework */,
				FD8819F81A998C52002A976A /* libsqlite3.dylib */,
				FD8819F61A998C43002A976A /* libz.dylib */,
				FD8819F41A998C34002A976A /* SystemConfiguration.framework */,
				FD8819F01A998C1C002A976A /* Security.framework */,
				FD8819ED1A998C05002A976A /* MobileCoreServices.framework */,
				FD8819EB1A998BFA002A976A /* CoreLocation.framework */,
				FD8819E91A998BEE002A976A /* CoreGraphics.framework */,
				FD8819E71A998BE4002A976A /* CFNetwork.framework */,
				FD8819E51A998BDA002A976A /* AudioToolbox.framework */,
				FD9432D619CD0EA4003BBD23 /* libPods.a */,
				FD9432D219CD0DAC003BBD23 /* libPods-AFNetworking.a */,
				FD9432D319CD0DAC003BBD23 /* libPods-FMDB.a */,
				FD90CF2F19C40F3F009E1D74 /* QuickLook.framework */,
				FD90CF2D19C40EA7009E1D74 /* QuartzCore.framework */,
				FD8DDDB119B094B0008479DC /* Crashlytics.framework */,
				FDB7695A1DA0AF33009F0CC1 /* Fabric.framework */,
				FDE0814E1983B9F600760870 /* MapKit.framework */,
				02D9493F193C4A87EAD799AC /* Pods.framework */,
				FDBD7DC01DB18FDD00698A70 /* NotificationCenter.framework */,
			);
			name = Frameworks;
			sourceTree = "<group>";
		};
		F8111587281E1B2200DE8E59 /* Map */ = {
			isa = PBXGroup;
			children = (
				F8111585281E148600DE8E59 /* MapViewHelpers.swift */,
				F8111588281E1B3300DE8E59 /* LocationAnnotation.swift */,
				F811158A281E1B4500DE8E59 /* VesselAnnotation.swift */,
			);
			path = Map;
			sourceTree = "<group>";
		};
		FD1B5F83258479150098B96B /* Model */ = {
			isa = PBXGroup;
			children = (
				FD1B5FCD2584794E0098B96B /* Service.swift */,
				FD1B5F85258479150098B96B /* Vessel.swift */,
			);
			path = Model;
			sourceTree = "<group>";
		};
		FD1B5F86258479150098B96B /* API Client */ = {
			isa = PBXGroup;
			children = (
				FD1B5F89258479150098B96B /* APIClient.swift */,
				FD1B5F88258479150098B96B /* APIError.swift */,
				FD1B5FD3258479E10098B96B /* Decoder.swift */,
			);
			path = "API Client";
			sourceTree = "<group>";
		};
		FD1B5F8A258479150098B96B /* Screens */ = {
			isa = PBXGroup;
			children = (
				FD1B5F9E258479150098B96B /* Services */,
				FD1B5F8B258479150098B96B /* Service Details */,
				FD1B5F98258479150098B96B /* Map */,
				FD1B5F9A258479150098B96B /* Web Information */,
				FD1B5F9C258479150098B96B /* Timetable Preview */,
				F89E0BA5264FB65200A232E5 /* Status+Extensions.swift */,
			);
			path = Screens;
			sourceTree = "<group>";
		};
		FD1B5F8B258479150098B96B /* Service Details */ = {
			isa = PBXGroup;
			children = (
				FD1B5F8E258479150098B96B /* ServiceDetailViewController.swift */,
				FD1B5F8C258479150098B96B /* DisruptionsCell.swift */,
				FD1B5F8D258479150098B96B /* WeatherCell.swift */,
				FD1B5F90258479150098B96B /* LoadingCell.swift */,
				FD1B5F93258479150098B96B /* AlertCell.swift */,
				FD1B5F94258479150098B96B /* NoDisruptionCell.swift */,
				FD1B5F92258479150098B96B /* TextCell.swift */,
				FD1B5F8F258479150098B96B /* WeatherCell.xib */,
				FD1B5F91258479150098B96B /* DisruptionsCell.xib */,
				FD1B5F95258479150098B96B /* NoDisruptionsCell.xib */,
				FD1B5F96258479150098B96B /* AlertCell.xib */,
				FD1B5F97258479150098B96B /* TextOnlyCell.xib */,
				F8A3CB36264F841100D2E4AE /* CircleView.swift */,
			);
			path = "Service Details";
			sourceTree = "<group>";
		};
		FD1B5F98258479150098B96B /* Map */ = {
			isa = PBXGroup;
			children = (
				FD1B5F99258479150098B96B /* MapViewController.swift */,
			);
			path = Map;
			sourceTree = "<group>";
		};
		FD1B5F9A258479150098B96B /* Web Information */ = {
			isa = PBXGroup;
			children = (
				FD1B5F9B258479150098B96B /* WebInformationViewController.swift */,
			);
			path = "Web Information";
			sourceTree = "<group>";
		};
		FD1B5F9C258479150098B96B /* Timetable Preview */ = {
			isa = PBXGroup;
			children = (
				FD1B5F9D258479150098B96B /* TimetablePreviewViewController.swift */,
			);
			path = "Timetable Preview";
			sourceTree = "<group>";
		};
		FD1B5F9E258479150098B96B /* Services */ = {
			isa = PBXGroup;
			children = (
				FD1B5FA1258479150098B96B /* ServicesViewController.swift */,
				FD1B5F9F258479150098B96B /* SearchResultsViewController.swift */,
				FD1B5FA2258479150098B96B /* ServiceStatusCell.swift */,
				FD1B5FA0258479150098B96B /* ServiceStatusCell.xib */,
			);
			path = Services;
			sourceTree = "<group>";
		};
		FD1B5FA4258479150098B96B /* Library */ = {
			isa = PBXGroup;
			children = (
				F8111587281E1B2200DE8E59 /* Map */,
				FD1B5FA5258479150098B96B /* NSDate+extensions.swift */,
				FD1B5FA7258479150098B96B /* String+extensions.swift */,
				FD1B5FA8258479150098B96B /* UIImage+extensions.swift */,
				FD1B5FA9258479150098B96B /* Utility.swift */,
				FD1B5FAA258479150098B96B /* LastViewedServices.swift */,
				FD1B5FAB258479150098B96B /* Double+extensions.swift */,
			);
			path = Library;
			sourceTree = "<group>";
		};
		FD753EC7197A256E00CC5DE3 = {
			isa = PBXGroup;
			children = (
				FD753ED2197A256E00CC5DE3 /* FerryServices_2 */,
				FD753EE5197A256E00CC5DE3 /* FerryServices_2Tests */,
				FD753ED1197A256E00CC5DE3 /* Products */,
				6EDBA5D50D1A4FB6B0F250B5 /* Frameworks */,
			);
			sourceTree = "<group>";
		};
		FD753ED1197A256E00CC5DE3 /* Products */ = {
			isa = PBXGroup;
			children = (
				FD753ED0197A256E00CC5DE3 /* FerryServices_2.app */,
				FD753EE2197A256E00CC5DE3 /* FerryServices_2Tests.xctest */,
			);
			name = Products;
			sourceTree = "<group>";
		};
		FD753ED2197A256E00CC5DE3 /* FerryServices_2 */ = {
			isa = PBXGroup;
			children = (
				FD753ED5197A256E00CC5DE3 /* AppDelegate.swift */,
				FD4B7C6A1A589CC800CCD5C5 /* APIKeys.swift */,
				FD753ED9197A256E00CC5DE3 /* Main.storyboard */,
				FDB2A789257B2716000B0659 /* Launch Screen.storyboard */,
				FD1B5F8A258479150098B96B /* Screens */,
				FD1B5F86258479150098B96B /* API Client */,
				FD1B5F83258479150098B96B /* Model */,
				FD1B5FA4258479150098B96B /* Library */,
				FDC34B5D1D9736B600A12758 /* FerryServices_2.entitlements */,
				FD753ED3197A256E00CC5DE3 /* Supporting Files */,
				FD753EDC197A256E00CC5DE3 /* Images.xcassets */,
				FD839D6E257B112E00D12705 /* Colors.xcassets */,
				FD5E7DB5197A30AF00F438F6 /* FerryServices_2-Bridging-Header.h */,
				FD075CE31A734FDF00C78250 /* Settings.bundle */,
			);
			path = FerryServices_2;
			sourceTree = "<group>";
		};
		FD753ED3197A256E00CC5DE3 /* Supporting Files */ = {
			isa = PBXGroup;
			children = (
				FD9C66161A16CADC0050D99F /* Timetables */,
				FDC03DE819DFDD8D000CE1FA /* services.json */,
				FD753ED4197A256E00CC5DE3 /* Info.plist */,
			);
			name = "Supporting Files";
			sourceTree = "<group>";
		};
		FD753EE5197A256E00CC5DE3 /* FerryServices_2Tests */ = {
			isa = PBXGroup;
			children = (
				FD753EE8197A256E00CC5DE3 /* FerryServices_2Tests.swift */,
				FD753EE6197A256E00CC5DE3 /* Supporting Files */,
			);
			path = FerryServices_2Tests;
			sourceTree = "<group>";
		};
		FD753EE6197A256E00CC5DE3 /* Supporting Files */ = {
			isa = PBXGroup;
			children = (
				FD753EE7197A256E00CC5DE3 /* Info.plist */,
			);
			name = "Supporting Files";
			sourceTree = "<group>";
		};
/* End PBXGroup section */

/* Begin PBXNativeTarget section */
		FD753ECF197A256E00CC5DE3 /* FerryServices_2 */ = {
			isa = PBXNativeTarget;
			buildConfigurationList = FD753EEC197A256E00CC5DE3 /* Build configuration list for PBXNativeTarget "FerryServices_2" */;
			buildPhases = (
				FD753ECC197A256E00CC5DE3 /* Sources */,
				FD753ECD197A256E00CC5DE3 /* Frameworks */,
				FD753ECE197A256E00CC5DE3 /* Resources */,
				FDE391C51C1561AE000EDE26 /* Embed Watch Content */,
				FDBD7DCF1DB18FDD00698A70 /* Embed Foundation Extensions */,
			);
			buildRules = (
			);
			dependencies = (
			);
			name = FerryServices_2;
			packageProductDependencies = (
				FDB2A773257B2293000B0659 /* Sentry */,
			);
			productName = FerryServices_2;
			productReference = FD753ED0197A256E00CC5DE3 /* FerryServices_2.app */;
			productType = "com.apple.product-type.application";
		};
		FD753EE1197A256E00CC5DE3 /* FerryServices_2Tests */ = {
			isa = PBXNativeTarget;
			buildConfigurationList = FD753EEF197A256E00CC5DE3 /* Build configuration list for PBXNativeTarget "FerryServices_2Tests" */;
			buildPhases = (
				FD753EDE197A256E00CC5DE3 /* Sources */,
				FD753EDF197A256E00CC5DE3 /* Frameworks */,
				FD753EE0197A256E00CC5DE3 /* Resources */,
			);
			buildRules = (
			);
			dependencies = (
				FD753EE4197A256E00CC5DE3 /* PBXTargetDependency */,
			);
			name = FerryServices_2Tests;
			productName = FerryServices_2Tests;
			productReference = FD753EE2197A256E00CC5DE3 /* FerryServices_2Tests.xctest */;
			productType = "com.apple.product-type.bundle.unit-test";
		};
/* End PBXNativeTarget section */

/* Begin PBXProject section */
		FD753EC8197A256E00CC5DE3 /* Project object */ = {
			isa = PBXProject;
			attributes = {
				LastSwiftMigration = 0710;
				LastSwiftUpdateCheck = 0800;
				LastUpgradeCheck = 1420;
				ORGANIZATIONNAME = "Stefan Church";
				TargetAttributes = {
					FD753ECF197A256E00CC5DE3 = {
						CreatedOnToolsVersion = 6.0;
						DevelopmentTeam = L832SX5MC4;
						LastSwiftMigration = 1220;
						ProvisioningStyle = Automatic;
						SystemCapabilities = {
							com.apple.ApplicationGroups.iOS = {
								enabled = 1;
							};
							com.apple.BackgroundModes = {
								enabled = 0;
							};
							com.apple.InAppPurchase = {
								enabled = 0;
							};
							com.apple.Maps.iOS = {
								enabled = 1;
							};
							com.apple.Push = {
								enabled = 1;
							};
						};
					};
					FD753EE1197A256E00CC5DE3 = {
						CreatedOnToolsVersion = 6.0;
						LastSwiftMigration = 1220;
						TestTargetID = FD753ECF197A256E00CC5DE3;
					};
				};
			};
			buildConfigurationList = FD753ECB197A256E00CC5DE3 /* Build configuration list for PBXProject "FerryServices_2" */;
			compatibilityVersion = "Xcode 3.2";
			developmentRegion = en;
			hasScannedForEncodings = 0;
			knownRegions = (
				en,
				Base,
			);
			mainGroup = FD753EC7197A256E00CC5DE3;
			packageReferences = (
				FDB2A772257B2293000B0659 /* XCRemoteSwiftPackageReference "sentry-cocoa" */,
			);
			productRefGroup = FD753ED1197A256E00CC5DE3 /* Products */;
			projectDirPath = "";
			projectRoot = "";
			targets = (
				FD753ECF197A256E00CC5DE3 /* FerryServices_2 */,
				FD753EE1197A256E00CC5DE3 /* FerryServices_2Tests */,
			);
		};
/* End PBXProject section */

/* Begin PBXResourcesBuildPhase section */
		FD753ECE197A256E00CC5DE3 /* Resources */ = {
			isa = PBXResourcesBuildPhase;
			buildActionMask = 2147483647;
			files = (
				FD1B5FB4258479150098B96B /* WeatherCell.xib in Resources */,
				FD753EDB197A256E00CC5DE3 /* Main.storyboard in Resources */,
				FD753EDD197A256E00CC5DE3 /* Images.xcassets in Resources */,
				FD1B5FB6258479150098B96B /* DisruptionsCell.xib in Resources */,
				FD1B5FBC258479150098B96B /* TextOnlyCell.xib in Resources */,
				FDB2A78A257B2716000B0659 /* Launch Screen.storyboard in Resources */,
				FD1B5FBA258479150098B96B /* NoDisruptionsCell.xib in Resources */,
				FD9C66171A16CADC0050D99F /* Timetables in Resources */,
				FD075CE41A734FDF00C78250 /* Settings.bundle in Resources */,
				FDC03DE919DFDD8D000CE1FA /* services.json in Resources */,
				FD1B5FC1258479150098B96B /* ServiceStatusCell.xib in Resources */,
				FD1B5FBB258479150098B96B /* AlertCell.xib in Resources */,
				FD839D6F257B112E00D12705 /* Colors.xcassets in Resources */,
			);
			runOnlyForDeploymentPostprocessing = 0;
		};
		FD753EE0197A256E00CC5DE3 /* Resources */ = {
			isa = PBXResourcesBuildPhase;
			buildActionMask = 2147483647;
			files = (
			);
			runOnlyForDeploymentPostprocessing = 0;
		};
/* End PBXResourcesBuildPhase section */

/* Begin PBXSourcesBuildPhase section */
		FD753ECC197A256E00CC5DE3 /* Sources */ = {
			isa = PBXSourcesBuildPhase;
			buildActionMask = 2147483647;
			files = (
				FD1B5FC4258479150098B96B /* NSDate+extensions.swift in Sources */,
				FD1B5FCE2584794E0098B96B /* Service.swift in Sources */,
				FD1B5FBE258479150098B96B /* WebInformationViewController.swift in Sources */,
				FD1B5FB8258479150098B96B /* AlertCell.swift in Sources */,
				F89E0BA6264FB65200A232E5 /* Status+Extensions.swift in Sources */,
				FD1B5FC2258479150098B96B /* ServicesViewController.swift in Sources */,
				FD1B5FC6258479150098B96B /* String+extensions.swift in Sources */,
				F8A3CB37264F841100D2E4AE /* CircleView.swift in Sources */,
				FD1B5FB7258479150098B96B /* TextCell.swift in Sources */,
				FD1B5FB2258479150098B96B /* WeatherCell.swift in Sources */,
				F8111586281E148600DE8E59 /* MapViewHelpers.swift in Sources */,
				FD1B5FB5258479150098B96B /* LoadingCell.swift in Sources */,
				FD1B5FC8258479150098B96B /* Utility.swift in Sources */,
				FD1B5FB3258479150098B96B /* ServiceDetailViewController.swift in Sources */,
				FD1B5FC0258479150098B96B /* SearchResultsViewController.swift in Sources */,
				FD1B5FB1258479150098B96B /* DisruptionsCell.swift in Sources */,
				FD1B5FAD258479150098B96B /* Vessel.swift in Sources */,
				FD1B5FCA258479150098B96B /* Double+extensions.swift in Sources */,
				FD1B5FC3258479150098B96B /* ServiceStatusCell.swift in Sources */,
				FD753ED6197A256E00CC5DE3 /* AppDelegate.swift in Sources */,
				FD1B5FC9258479150098B96B /* LastViewedServices.swift in Sources */,
				FD4B7C6B1A589CC800CCD5C5 /* APIKeys.swift in Sources */,
				FD1B5FAF258479150098B96B /* APIError.swift in Sources */,
				FD1B5FB9258479150098B96B /* NoDisruptionCell.swift in Sources */,
				FD1B5FBD258479150098B96B /* MapViewController.swift in Sources */,
				FD1B5FB0258479150098B96B /* APIClient.swift in Sources */,
				FD1B5FBF258479150098B96B /* TimetablePreviewViewController.swift in Sources */,
				FD1B5FD4258479E10098B96B /* Decoder.swift in Sources */,
				FD1B5FC7258479150098B96B /* UIImage+extensions.swift in Sources */,
				F8111589281E1B3300DE8E59 /* LocationAnnotation.swift in Sources */,
				F811158B281E1B4500DE8E59 /* VesselAnnotation.swift in Sources */,
			);
			runOnlyForDeploymentPostprocessing = 0;
		};
		FD753EDE197A256E00CC5DE3 /* Sources */ = {
			isa = PBXSourcesBuildPhase;
			buildActionMask = 2147483647;
			files = (
				FD753EE9197A256E00CC5DE3 /* FerryServices_2Tests.swift in Sources */,
			);
			runOnlyForDeploymentPostprocessing = 0;
		};
/* End PBXSourcesBuildPhase section */

/* Begin PBXTargetDependency section */
		FD753EE4197A256E00CC5DE3 /* PBXTargetDependency */ = {
			isa = PBXTargetDependency;
			target = FD753ECF197A256E00CC5DE3 /* FerryServices_2 */;
			targetProxy = FD753EE3197A256E00CC5DE3 /* PBXContainerItemProxy */;
		};
/* End PBXTargetDependency section */

/* Begin PBXVariantGroup section */
		FD753ED9197A256E00CC5DE3 /* Main.storyboard */ = {
			isa = PBXVariantGroup;
			children = (
				FD753EDA197A256E00CC5DE3 /* Base */,
			);
			name = Main.storyboard;
			sourceTree = "<group>";
		};
/* End PBXVariantGroup section */

/* Begin XCBuildConfiguration section */
		FD753EEA197A256E00CC5DE3 /* Debug */ = {
			isa = XCBuildConfiguration;
			buildSettings = {
				ALWAYS_SEARCH_USER_PATHS = NO;
				CLANG_ALLOW_NON_MODULAR_INCLUDES_IN_FRAMEWORK_MODULES = YES;
				CLANG_CXX_LANGUAGE_STANDARD = "gnu++0x";
				CLANG_CXX_LIBRARY = "libc++";
				CLANG_ENABLE_MODULES = YES;
				CLANG_ENABLE_OBJC_ARC = YES;
				CLANG_WARN_BLOCK_CAPTURE_AUTORELEASING = YES;
				CLANG_WARN_BOOL_CONVERSION = YES;
				CLANG_WARN_COMMA = YES;
				CLANG_WARN_CONSTANT_CONVERSION = YES;
				CLANG_WARN_DEPRECATED_OBJC_IMPLEMENTATIONS = YES;
				CLANG_WARN_DIRECT_OBJC_ISA_USAGE = YES_ERROR;
				CLANG_WARN_EMPTY_BODY = YES;
				CLANG_WARN_ENUM_CONVERSION = YES;
				CLANG_WARN_INFINITE_RECURSION = YES;
				CLANG_WARN_INT_CONVERSION = YES;
				CLANG_WARN_NON_LITERAL_NULL_CONVERSION = YES;
				CLANG_WARN_OBJC_IMPLICIT_RETAIN_SELF = YES;
				CLANG_WARN_OBJC_LITERAL_CONVERSION = YES;
				CLANG_WARN_OBJC_ROOT_CLASS = YES_ERROR;
				CLANG_WARN_QUOTED_INCLUDE_IN_FRAMEWORK_HEADER = YES;
				CLANG_WARN_RANGE_LOOP_ANALYSIS = YES;
				CLANG_WARN_STRICT_PROTOTYPES = YES;
				CLANG_WARN_SUSPICIOUS_MOVE = YES;
				CLANG_WARN_UNREACHABLE_CODE = YES;
				CLANG_WARN__DUPLICATE_METHOD_MATCH = YES;
				"CODE_SIGN_IDENTITY[sdk=iphoneos*]" = "iPhone Developer";
				COPY_PHASE_STRIP = NO;
				ENABLE_STRICT_OBJC_MSGSEND = YES;
				ENABLE_TESTABILITY = YES;
				GCC_C_LANGUAGE_STANDARD = gnu99;
				GCC_DYNAMIC_NO_PIC = NO;
				GCC_NO_COMMON_BLOCKS = YES;
				GCC_OPTIMIZATION_LEVEL = 0;
				GCC_PREPROCESSOR_DEFINITIONS = (
					"DEBUG=1",
					"$(inherited)",
				);
				GCC_SYMBOLS_PRIVATE_EXTERN = NO;
				GCC_WARN_64_TO_32_BIT_CONVERSION = YES;
				GCC_WARN_ABOUT_RETURN_TYPE = YES_ERROR;
				GCC_WARN_UNDECLARED_SELECTOR = YES;
				GCC_WARN_UNINITIALIZED_AUTOS = YES_AGGRESSIVE;
				GCC_WARN_UNUSED_FUNCTION = YES;
				GCC_WARN_UNUSED_VARIABLE = YES;
				IPHONEOS_DEPLOYMENT_TARGET = 13.0;
				MTL_ENABLE_DEBUG_INFO = YES;
				ONLY_ACTIVE_ARCH = YES;
				SDKROOT = iphoneos;
				SWIFT_OPTIMIZATION_LEVEL = "-Onone";
			};
			name = Debug;
		};
		FD753EEB197A256E00CC5DE3 /* Release */ = {
			isa = XCBuildConfiguration;
			buildSettings = {
				ALWAYS_SEARCH_USER_PATHS = NO;
				CLANG_ALLOW_NON_MODULAR_INCLUDES_IN_FRAMEWORK_MODULES = YES;
				CLANG_CXX_LANGUAGE_STANDARD = "gnu++0x";
				CLANG_CXX_LIBRARY = "libc++";
				CLANG_ENABLE_MODULES = YES;
				CLANG_ENABLE_OBJC_ARC = YES;
				CLANG_WARN_BLOCK_CAPTURE_AUTORELEASING = YES;
				CLANG_WARN_BOOL_CONVERSION = YES;
				CLANG_WARN_COMMA = YES;
				CLANG_WARN_CONSTANT_CONVERSION = YES;
				CLANG_WARN_DEPRECATED_OBJC_IMPLEMENTATIONS = YES;
				CLANG_WARN_DIRECT_OBJC_ISA_USAGE = YES_ERROR;
				CLANG_WARN_EMPTY_BODY = YES;
				CLANG_WARN_ENUM_CONVERSION = YES;
				CLANG_WARN_INFINITE_RECURSION = YES;
				CLANG_WARN_INT_CONVERSION = YES;
				CLANG_WARN_NON_LITERAL_NULL_CONVERSION = YES;
				CLANG_WARN_OBJC_IMPLICIT_RETAIN_SELF = YES;
				CLANG_WARN_OBJC_LITERAL_CONVERSION = YES;
				CLANG_WARN_OBJC_ROOT_CLASS = YES_ERROR;
				CLANG_WARN_QUOTED_INCLUDE_IN_FRAMEWORK_HEADER = YES;
				CLANG_WARN_RANGE_LOOP_ANALYSIS = YES;
				CLANG_WARN_STRICT_PROTOTYPES = YES;
				CLANG_WARN_SUSPICIOUS_MOVE = YES;
				CLANG_WARN_UNREACHABLE_CODE = YES;
				CLANG_WARN__DUPLICATE_METHOD_MATCH = YES;
				"CODE_SIGN_IDENTITY[sdk=iphoneos*]" = "iPhone Developer";
				COPY_PHASE_STRIP = YES;
				ENABLE_NS_ASSERTIONS = NO;
				ENABLE_STRICT_OBJC_MSGSEND = YES;
				GCC_C_LANGUAGE_STANDARD = gnu99;
				GCC_NO_COMMON_BLOCKS = YES;
				GCC_WARN_64_TO_32_BIT_CONVERSION = YES;
				GCC_WARN_ABOUT_RETURN_TYPE = YES_ERROR;
				GCC_WARN_UNDECLARED_SELECTOR = YES;
				GCC_WARN_UNINITIALIZED_AUTOS = YES_AGGRESSIVE;
				GCC_WARN_UNUSED_FUNCTION = YES;
				GCC_WARN_UNUSED_VARIABLE = YES;
				IPHONEOS_DEPLOYMENT_TARGET = 13.0;
				MTL_ENABLE_DEBUG_INFO = NO;
				SDKROOT = iphoneos;
				SWIFT_COMPILATION_MODE = wholemodule;
				SWIFT_OPTIMIZATION_LEVEL = "-O";
				VALIDATE_PRODUCT = YES;
			};
			name = Release;
		};
		FD753EED197A256E00CC5DE3 /* Debug */ = {
			isa = XCBuildConfiguration;
			buildSettings = {
				ASSETCATALOG_COMPILER_APPICON_NAME = AppIcon;
				CLANG_ALLOW_NON_MODULAR_INCLUDES_IN_FRAMEWORK_MODULES = YES;
				CLANG_ENABLE_MODULES = YES;
				CODE_SIGN_ENTITLEMENTS = FerryServices_2/FerryServices_2.entitlements;
				CODE_SIGN_IDENTITY = "Apple Development";
				CODE_SIGN_STYLE = Automatic;
				CURRENT_PROJECT_VERSION = 1;
				DEVELOPMENT_TEAM = L832SX5MC4;
				FRAMEWORK_SEARCH_PATHS = (
					"$(inherited)",
					"$(PROJECT_DIR)",
				);
				INFOPLIST_FILE = FerryServices_2/Info.plist;
				IPHONEOS_DEPLOYMENT_TARGET = 13.0;
				LD_RUNPATH_SEARCH_PATHS = (
					"$(inherited)",
					"@executable_path/Frameworks",
				);
				MARKETING_VERSION = 2.66;
				OTHER_SWIFT_FLAGS = "$(inherited) \"-D\" \"COCOAPODS\" -D DEBUG";
				PRODUCT_BUNDLE_IDENTIFIER = com.stefanchurch.ferryservices;
				PRODUCT_NAME = "$(TARGET_NAME)";
				PROVISIONING_PROFILE_SPECIFIER = "";
				SWIFT_OBJC_BRIDGING_HEADER = "FerryServices_2/FerryServices_2-Bridging-Header.h";
				SWIFT_OPTIMIZATION_LEVEL = "-Onone";
				SWIFT_VERSION = 5.0;
				TARGETED_DEVICE_FAMILY = 1;
			};
			name = Debug;
		};
		FD753EEE197A256E00CC5DE3 /* Release */ = {
			isa = XCBuildConfiguration;
			buildSettings = {
				ASSETCATALOG_COMPILER_APPICON_NAME = AppIcon;
				CLANG_ALLOW_NON_MODULAR_INCLUDES_IN_FRAMEWORK_MODULES = YES;
				CLANG_ENABLE_MODULES = YES;
				CODE_SIGN_ENTITLEMENTS = FerryServices_2/FerryServices_2.entitlements;
				CODE_SIGN_IDENTITY = "Apple Development";
				CODE_SIGN_STYLE = Automatic;
				CURRENT_PROJECT_VERSION = 1;
				DEVELOPMENT_TEAM = L832SX5MC4;
				FRAMEWORK_SEARCH_PATHS = (
					"$(inherited)",
					"$(PROJECT_DIR)",
				);
				INFOPLIST_FILE = FerryServices_2/Info.plist;
				IPHONEOS_DEPLOYMENT_TARGET = 13.0;
				LD_RUNPATH_SEARCH_PATHS = (
					"$(inherited)",
					"@executable_path/Frameworks",
				);
				MARKETING_VERSION = 2.66;
				PRODUCT_BUNDLE_IDENTIFIER = com.stefanchurch.ferryservices;
				PRODUCT_NAME = "$(TARGET_NAME)";
				PROVISIONING_PROFILE_SPECIFIER = "";
				SWIFT_COMPILATION_MODE = wholemodule;
				SWIFT_OBJC_BRIDGING_HEADER = "FerryServices_2/FerryServices_2-Bridging-Header.h";
				SWIFT_OPTIMIZATION_LEVEL = "-O";
				SWIFT_VERSION = 5.0;
				TARGETED_DEVICE_FAMILY = 1;
			};
			name = Release;
		};
		FD753EF0197A256E00CC5DE3 /* Debug */ = {
			isa = XCBuildConfiguration;
			buildSettings = {
				BUNDLE_LOADER = "$(BUILT_PRODUCTS_DIR)/FerryServices_2.app/FerryServices_2";
				FRAMEWORK_SEARCH_PATHS = (
					"$(SDKROOT)/Developer/Library/Frameworks",
					"$(inherited)",
				);
				GCC_PREPROCESSOR_DEFINITIONS = (
					"DEBUG=1",
					"$(inherited)",
				);
				INFOPLIST_FILE = FerryServices_2Tests/Info.plist;
				LD_RUNPATH_SEARCH_PATHS = (
					"$(inherited)",
					"@executable_path/Frameworks",
					"@loader_path/Frameworks",
				);
				PRODUCT_BUNDLE_IDENTIFIER = "stefanchurch.${PRODUCT_NAME:rfc1034identifier}";
				PRODUCT_NAME = "$(TARGET_NAME)";
				SWIFT_VERSION = 5.0;
				TEST_HOST = "$(BUNDLE_LOADER)";
			};
			name = Debug;
		};
		FD753EF1197A256E00CC5DE3 /* Release */ = {
			isa = XCBuildConfiguration;
			buildSettings = {
				BUNDLE_LOADER = "$(BUILT_PRODUCTS_DIR)/FerryServices_2.app/FerryServices_2";
				FRAMEWORK_SEARCH_PATHS = (
					"$(SDKROOT)/Developer/Library/Frameworks",
					"$(inherited)",
				);
				INFOPLIST_FILE = FerryServices_2Tests/Info.plist;
				LD_RUNPATH_SEARCH_PATHS = (
					"$(inherited)",
					"@executable_path/Frameworks",
					"@loader_path/Frameworks",
				);
				PRODUCT_BUNDLE_IDENTIFIER = "stefanchurch.${PRODUCT_NAME:rfc1034identifier}";
				PRODUCT_NAME = "$(TARGET_NAME)";
				SWIFT_VERSION = 5.0;
				TEST_HOST = "$(BUNDLE_LOADER)";
			};
			name = Release;
		};
/* End XCBuildConfiguration section */

/* Begin XCConfigurationList section */
		FD753ECB197A256E00CC5DE3 /* Build configuration list for PBXProject "FerryServices_2" */ = {
			isa = XCConfigurationList;
			buildConfigurations = (
				FD753EEA197A256E00CC5DE3 /* Debug */,
				FD753EEB197A256E00CC5DE3 /* Release */,
			);
			defaultConfigurationIsVisible = 0;
			defaultConfigurationName = Release;
		};
		FD753EEC197A256E00CC5DE3 /* Build configuration list for PBXNativeTarget "FerryServices_2" */ = {
			isa = XCConfigurationList;
			buildConfigurations = (
				FD753EED197A256E00CC5DE3 /* Debug */,
				FD753EEE197A256E00CC5DE3 /* Release */,
			);
			defaultConfigurationIsVisible = 0;
			defaultConfigurationName = Release;
		};
		FD753EEF197A256E00CC5DE3 /* Build configuration list for PBXNativeTarget "FerryServices_2Tests" */ = {
			isa = XCConfigurationList;
			buildConfigurations = (
				FD753EF0197A256E00CC5DE3 /* Debug */,
				FD753EF1197A256E00CC5DE3 /* Release */,
			);
			defaultConfigurationIsVisible = 0;
			defaultConfigurationName = Release;
		};
/* End XCConfigurationList section */

/* Begin XCRemoteSwiftPackageReference section */
		FDB2A772257B2293000B0659 /* XCRemoteSwiftPackageReference "sentry-cocoa" */ = {
			isa = XCRemoteSwiftPackageReference;
			repositoryURL = "https://github.com/getsentry/sentry-cocoa.git";
			requirement = {
				kind = upToNextMajorVersion;
				minimumVersion = 7.3.0;
			};
		};
/* End XCRemoteSwiftPackageReference section */

/* Begin XCSwiftPackageProductDependency section */
		FDB2A773257B2293000B0659 /* Sentry */ = {
			isa = XCSwiftPackageProductDependency;
			package = FDB2A772257B2293000B0659 /* XCRemoteSwiftPackageReference "sentry-cocoa" */;
			productName = Sentry;
		};
/* End XCSwiftPackageProductDependency section */
	};
	rootObject = FD753EC8197A256E00CC5DE3 /* Project object */;
}
