// !$*UTF8*$!
{
	archiveVersion = 1;
	classes = {
	};
	objectVersion = 46;
	objects = {

/* Begin PBXBuildFile section */
		F3D7E17BEA084ECEBB6C9AE6 /* libPods.a in Frameworks */ = {isa = PBXBuildFile; fileRef = 6B61FAD87F37434E965A5EF6 /* libPods.a */; };
		FD56684B197B6995001BA286 /* ServiceStatusTableViewCell.swift in Sources */ = {isa = PBXBuildFile; fileRef = FD56684A197B6995001BA286 /* ServiceStatusTableViewCell.swift */; };
		FD5E7DBB197A316F00F438F6 /* APIClient.swift in Sources */ = {isa = PBXBuildFile; fileRef = FD5E7DBA197A316F00F438F6 /* APIClient.swift */; };
		FD753ED6197A256E00CC5DE3 /* AppDelegate.swift in Sources */ = {isa = PBXBuildFile; fileRef = FD753ED5197A256E00CC5DE3 /* AppDelegate.swift */; };
		FD753EDB197A256E00CC5DE3 /* Main.storyboard in Resources */ = {isa = PBXBuildFile; fileRef = FD753ED9197A256E00CC5DE3 /* Main.storyboard */; };
		FD753EDD197A256E00CC5DE3 /* Images.xcassets in Resources */ = {isa = PBXBuildFile; fileRef = FD753EDC197A256E00CC5DE3 /* Images.xcassets */; };
		FD753EE9197A256E00CC5DE3 /* FerryServices_2Tests.swift in Sources */ = {isa = PBXBuildFile; fileRef = FD753EE8197A256E00CC5DE3 /* FerryServices_2Tests.swift */; };
		FD753EF3197A289800CC5DE3 /* ServicesViewController.swift in Sources */ = {isa = PBXBuildFile; fileRef = FD753EF2197A289800CC5DE3 /* ServicesViewController.swift */; };
		FDC7760C19844C2B00B3782F /* Route.swift in Sources */ = {isa = PBXBuildFile; fileRef = FDC7760B19844C2B00B3782F /* Route.swift */; };
		FDC7760E19844C3500B3782F /* Location.swift in Sources */ = {isa = PBXBuildFile; fileRef = FDC7760D19844C3500B3782F /* Location.swift */; };
		FDC7761019844C4000B3782F /* Trip.swift in Sources */ = {isa = PBXBuildFile; fileRef = FDC7760F19844C4000B3782F /* Trip.swift */; };
		FDC77613198450AC00B3782F /* timetables.sqlite in Resources */ = {isa = PBXBuildFile; fileRef = FDC77612198450AC00B3782F /* timetables.sqlite */; };
		FDDEC68C198E3CF50060B18F /* SwiftyJSON.swift in Sources */ = {isa = PBXBuildFile; fileRef = FDDEC68B198E3CF50060B18F /* SwiftyJSON.swift */; };
		FDE0814D1983B85800760870 /* ServiceDetailTableViewController.swift in Sources */ = {isa = PBXBuildFile; fileRef = FDE0814C1983B85800760870 /* ServiceDetailTableViewController.swift */; };
		FDE0814F1983B9F600760870 /* MapKit.framework in Frameworks */ = {isa = PBXBuildFile; fileRef = FDE0814E1983B9F600760870 /* MapKit.framework */; };
		FDE66DCD197A598F008EA4EE /* ServiceStatus.swift in Sources */ = {isa = PBXBuildFile; fileRef = FDE66DCC197A598F008EA4EE /* ServiceStatus.swift */; };
		FDEA4B23198C72CE0023A5A7 /* DisruptionDetails.swift in Sources */ = {isa = PBXBuildFile; fileRef = FDEA4B22198C72CD0023A5A7 /* DisruptionDetails.swift */; };
		FDEA4B25198C72D70023A5A7 /* RouteDetails.swift in Sources */ = {isa = PBXBuildFile; fileRef = FDEA4B24198C72D70023A5A7 /* RouteDetails.swift */; };
/* End PBXBuildFile section */

/* Begin PBXContainerItemProxy section */
		FD753EE3197A256E00CC5DE3 /* PBXContainerItemProxy */ = {
			isa = PBXContainerItemProxy;
			containerPortal = FD753EC8197A256E00CC5DE3 /* Project object */;
			proxyType = 1;
			remoteGlobalIDString = FD753ECF197A256E00CC5DE3;
			remoteInfo = FerryServices_2;
		};
/* End PBXContainerItemProxy section */

/* Begin PBXFileReference section */
		6B61FAD87F37434E965A5EF6 /* libPods.a */ = {isa = PBXFileReference; explicitFileType = archive.ar; includeInIndex = 0; path = libPods.a; sourceTree = BUILT_PRODUCTS_DIR; };
		FBF3A3E328204485AED6C991 /* Pods.xcconfig */ = {isa = PBXFileReference; includeInIndex = 1; lastKnownFileType = text.xcconfig; name = Pods.xcconfig; path = Pods/Pods.xcconfig; sourceTree = "<group>"; };
		FD56684A197B6995001BA286 /* ServiceStatusTableViewCell.swift */ = {isa = PBXFileReference; fileEncoding = 4; lastKnownFileType = sourcecode.swift; path = ServiceStatusTableViewCell.swift; sourceTree = "<group>"; };
		FD5E7DB5197A30AF00F438F6 /* FerryServices_2-Bridging-Header.h */ = {isa = PBXFileReference; lastKnownFileType = sourcecode.c.h; path = "FerryServices_2-Bridging-Header.h"; sourceTree = "<group>"; };
		FD5E7DBA197A316F00F438F6 /* APIClient.swift */ = {isa = PBXFileReference; fileEncoding = 4; lastKnownFileType = sourcecode.swift; path = APIClient.swift; sourceTree = "<group>"; };
		FD753ED0197A256E00CC5DE3 /* FerryServices_2.app */ = {isa = PBXFileReference; explicitFileType = wrapper.application; includeInIndex = 0; path = FerryServices_2.app; sourceTree = BUILT_PRODUCTS_DIR; };
		FD753ED4197A256E00CC5DE3 /* Info.plist */ = {isa = PBXFileReference; lastKnownFileType = text.plist.xml; path = Info.plist; sourceTree = "<group>"; };
		FD753ED5197A256E00CC5DE3 /* AppDelegate.swift */ = {isa = PBXFileReference; lastKnownFileType = sourcecode.swift; path = AppDelegate.swift; sourceTree = "<group>"; };
		FD753EDA197A256E00CC5DE3 /* Base */ = {isa = PBXFileReference; lastKnownFileType = file.storyboard; name = Base; path = Base.lproj/Main.storyboard; sourceTree = "<group>"; };
		FD753EDC197A256E00CC5DE3 /* Images.xcassets */ = {isa = PBXFileReference; lastKnownFileType = folder.assetcatalog; path = Images.xcassets; sourceTree = "<group>"; };
		FD753EE2197A256E00CC5DE3 /* FerryServices_2Tests.xctest */ = {isa = PBXFileReference; explicitFileType = wrapper.cfbundle; includeInIndex = 0; path = FerryServices_2Tests.xctest; sourceTree = BUILT_PRODUCTS_DIR; };
		FD753EE7197A256E00CC5DE3 /* Info.plist */ = {isa = PBXFileReference; lastKnownFileType = text.plist.xml; path = Info.plist; sourceTree = "<group>"; };
		FD753EE8197A256E00CC5DE3 /* FerryServices_2Tests.swift */ = {isa = PBXFileReference; lastKnownFileType = sourcecode.swift; path = FerryServices_2Tests.swift; sourceTree = "<group>"; };
		FD753EF2197A289800CC5DE3 /* ServicesViewController.swift */ = {isa = PBXFileReference; fileEncoding = 4; lastKnownFileType = sourcecode.swift; path = ServicesViewController.swift; sourceTree = "<group>"; };
		FDC7760B19844C2B00B3782F /* Route.swift */ = {isa = PBXFileReference; fileEncoding = 4; lastKnownFileType = sourcecode.swift; path = Route.swift; sourceTree = "<group>"; };
		FDC7760D19844C3500B3782F /* Location.swift */ = {isa = PBXFileReference; fileEncoding = 4; lastKnownFileType = sourcecode.swift; path = Location.swift; sourceTree = "<group>"; };
		FDC7760F19844C4000B3782F /* Trip.swift */ = {isa = PBXFileReference; fileEncoding = 4; lastKnownFileType = sourcecode.swift; path = Trip.swift; sourceTree = "<group>"; };
		FDC77612198450AC00B3782F /* timetables.sqlite */ = {isa = PBXFileReference; lastKnownFileType = file; path = timetables.sqlite; sourceTree = "<group>"; };
		FDDEC68B198E3CF50060B18F /* SwiftyJSON.swift */ = {isa = PBXFileReference; fileEncoding = 4; lastKnownFileType = sourcecode.swift; path = SwiftyJSON.swift; sourceTree = "<group>"; };
		FDE0814C1983B85800760870 /* ServiceDetailTableViewController.swift */ = {isa = PBXFileReference; fileEncoding = 4; lastKnownFileType = sourcecode.swift; path = ServiceDetailTableViewController.swift; sourceTree = "<group>"; };
		FDE0814E1983B9F600760870 /* MapKit.framework */ = {isa = PBXFileReference; lastKnownFileType = wrapper.framework; name = MapKit.framework; path = System/Library/Frameworks/MapKit.framework; sourceTree = SDKROOT; };
		FDE66DCC197A598F008EA4EE /* ServiceStatus.swift */ = {isa = PBXFileReference; fileEncoding = 4; lastKnownFileType = sourcecode.swift; path = ServiceStatus.swift; sourceTree = "<group>"; };
		FDEA4B22198C72CD0023A5A7 /* DisruptionDetails.swift */ = {isa = PBXFileReference; fileEncoding = 4; lastKnownFileType = sourcecode.swift; path = DisruptionDetails.swift; sourceTree = "<group>"; };
		FDEA4B24198C72D70023A5A7 /* RouteDetails.swift */ = {isa = PBXFileReference; fileEncoding = 4; lastKnownFileType = sourcecode.swift; path = RouteDetails.swift; sourceTree = "<group>"; };
/* End PBXFileReference section */

/* Begin PBXFrameworksBuildPhase section */
		FD753ECD197A256E00CC5DE3 /* Frameworks */ = {
			isa = PBXFrameworksBuildPhase;
			buildActionMask = 2147483647;
			files = (
				FDE0814F1983B9F600760870 /* MapKit.framework in Frameworks */,
				F3D7E17BEA084ECEBB6C9AE6 /* libPods.a in Frameworks */,
			);
			runOnlyForDeploymentPostprocessing = 0;
		};
		FD753EDF197A256E00CC5DE3 /* Frameworks */ = {
			isa = PBXFrameworksBuildPhase;
			buildActionMask = 2147483647;
			files = (
			);
			runOnlyForDeploymentPostprocessing = 0;
		};
/* End PBXFrameworksBuildPhase section */

/* Begin PBXGroup section */
		6EDBA5D50D1A4FB6B0F250B5 /* Frameworks */ = {
			isa = PBXGroup;
			children = (
				FDE0814E1983B9F600760870 /* MapKit.framework */,
				6B61FAD87F37434E965A5EF6 /* libPods.a */,
			);
			name = Frameworks;
			sourceTree = "<group>";
		};
		FD5E7DB9197A310600F438F6 /* View Controllers */ = {
			isa = PBXGroup;
			children = (
				FDEA4B20198C72160023A5A7 /* Services */,
				FDEA4B21198C721C0023A5A7 /* Service Details */,
			);
			name = "View Controllers";
			sourceTree = "<group>";
		};
		FD5E7DBC197A317800F438F6 /* API Client */ = {
			isa = PBXGroup;
			children = (
				FD5E7DBA197A316F00F438F6 /* APIClient.swift */,
				FDE66DCC197A598F008EA4EE /* ServiceStatus.swift */,
				FDEA4B22198C72CD0023A5A7 /* DisruptionDetails.swift */,
				FDEA4B24198C72D70023A5A7 /* RouteDetails.swift */,
			);
			name = "API Client";
			sourceTree = "<group>";
		};
		FD753EC7197A256E00CC5DE3 = {
			isa = PBXGroup;
			children = (
				FD753ED2197A256E00CC5DE3 /* FerryServices_2 */,
				FD753EE5197A256E00CC5DE3 /* FerryServices_2Tests */,
				FD753ED1197A256E00CC5DE3 /* Products */,
				FBF3A3E328204485AED6C991 /* Pods.xcconfig */,
				6EDBA5D50D1A4FB6B0F250B5 /* Frameworks */,
			);
			sourceTree = "<group>";
		};
		FD753ED1197A256E00CC5DE3 /* Products */ = {
			isa = PBXGroup;
			children = (
				FD753ED0197A256E00CC5DE3 /* FerryServices_2.app */,
				FD753EE2197A256E00CC5DE3 /* FerryServices_2Tests.xctest */,
			);
			name = Products;
			sourceTree = "<group>";
		};
		FD753ED2197A256E00CC5DE3 /* FerryServices_2 */ = {
			isa = PBXGroup;
			children = (
				FDC77612198450AC00B3782F /* timetables.sqlite */,
				FD753ED5197A256E00CC5DE3 /* AppDelegate.swift */,
				FD753ED9197A256E00CC5DE3 /* Main.storyboard */,
				FD5E7DB9197A310600F438F6 /* View Controllers */,
				FD5E7DBC197A317800F438F6 /* API Client */,
				FDC7761119844C4500B3782F /* Model */,
				FDDEC68D198E3CFB0060B18F /* Library */,
				FD753ED3197A256E00CC5DE3 /* Supporting Files */,
				FD753EDC197A256E00CC5DE3 /* Images.xcassets */,
				FD5E7DB5197A30AF00F438F6 /* FerryServices_2-Bridging-Header.h */,
			);
			path = FerryServices_2;
			sourceTree = "<group>";
		};
		FD753ED3197A256E00CC5DE3 /* Supporting Files */ = {
			isa = PBXGroup;
			children = (
				FD753ED4197A256E00CC5DE3 /* Info.plist */,
			);
			name = "Supporting Files";
			sourceTree = "<group>";
		};
		FD753EE5197A256E00CC5DE3 /* FerryServices_2Tests */ = {
			isa = PBXGroup;
			children = (
				FD753EE8197A256E00CC5DE3 /* FerryServices_2Tests.swift */,
				FD753EE6197A256E00CC5DE3 /* Supporting Files */,
			);
			path = FerryServices_2Tests;
			sourceTree = "<group>";
		};
		FD753EE6197A256E00CC5DE3 /* Supporting Files */ = {
			isa = PBXGroup;
			children = (
				FD753EE7197A256E00CC5DE3 /* Info.plist */,
			);
			name = "Supporting Files";
			sourceTree = "<group>";
		};
		FDC7761119844C4500B3782F /* Model */ = {
			isa = PBXGroup;
			children = (
				FDC7760B19844C2B00B3782F /* Route.swift */,
				FDC7760D19844C3500B3782F /* Location.swift */,
				FDC7760F19844C4000B3782F /* Trip.swift */,
			);
			name = Model;
			sourceTree = "<group>";
		};
		FDDEC68D198E3CFB0060B18F /* Library */ = {
			isa = PBXGroup;
			children = (
				FDDEC68B198E3CF50060B18F /* SwiftyJSON.swift */,
			);
			name = Library;
			sourceTree = "<group>";
		};
		FDEA4B20198C72160023A5A7 /* Services */ = {
			isa = PBXGroup;
			children = (
				FD753EF2197A289800CC5DE3 /* ServicesViewController.swift */,
				FD56684A197B6995001BA286 /* ServiceStatusTableViewCell.swift */,
			);
			name = Services;
			sourceTree = "<group>";
		};
		FDEA4B21198C721C0023A5A7 /* Service Details */ = {
			isa = PBXGroup;
			children = (
				FDE0814C1983B85800760870 /* ServiceDetailTableViewController.swift */,
			);
			name = "Service Details";
			sourceTree = "<group>";
		};
/* End PBXGroup section */

/* Begin PBXNativeTarget section */
		FD753ECF197A256E00CC5DE3 /* FerryServices_2 */ = {
			isa = PBXNativeTarget;
			buildConfigurationList = FD753EEC197A256E00CC5DE3 /* Build configuration list for PBXNativeTarget "FerryServices_2" */;
			buildPhases = (
				44BEF411A32145BAAD7DDE2A /* Check Pods Manifest.lock */,
				FD753ECC197A256E00CC5DE3 /* Sources */,
				FD753ECD197A256E00CC5DE3 /* Frameworks */,
				FD753ECE197A256E00CC5DE3 /* Resources */,
				BBF92DCA1122475BAD83A58B /* Copy Pods Resources */,
			);
			buildRules = (
			);
			dependencies = (
			);
			name = FerryServices_2;
			productName = FerryServices_2;
			productReference = FD753ED0197A256E00CC5DE3 /* FerryServices_2.app */;
			productType = "com.apple.product-type.application";
		};
		FD753EE1197A256E00CC5DE3 /* FerryServices_2Tests */ = {
			isa = PBXNativeTarget;
			buildConfigurationList = FD753EEF197A256E00CC5DE3 /* Build configuration list for PBXNativeTarget "FerryServices_2Tests" */;
			buildPhases = (
				FD753EDE197A256E00CC5DE3 /* Sources */,
				FD753EDF197A256E00CC5DE3 /* Frameworks */,
				FD753EE0197A256E00CC5DE3 /* Resources */,
			);
			buildRules = (
			);
			dependencies = (
				FD753EE4197A256E00CC5DE3 /* PBXTargetDependency */,
			);
			name = FerryServices_2Tests;
			productName = FerryServices_2Tests;
			productReference = FD753EE2197A256E00CC5DE3 /* FerryServices_2Tests.xctest */;
			productType = "com.apple.product-type.bundle.unit-test";
		};
/* End PBXNativeTarget section */

/* Begin PBXProject section */
		FD753EC8197A256E00CC5DE3 /* Project object */ = {
			isa = PBXProject;
			attributes = {
				LastUpgradeCheck = 0600;
				ORGANIZATIONNAME = "Stefan Church";
				TargetAttributes = {
					FD753ECF197A256E00CC5DE3 = {
						CreatedOnToolsVersion = 6.0;
						DevelopmentTeam = L832SX5MC4;
						SystemCapabilities = {
							com.apple.Maps.iOS = {
								enabled = 1;
							};
						};
					};
					FD753EE1197A256E00CC5DE3 = {
						CreatedOnToolsVersion = 6.0;
						TestTargetID = FD753ECF197A256E00CC5DE3;
					};
				};
			};
			buildConfigurationList = FD753ECB197A256E00CC5DE3 /* Build configuration list for PBXProject "FerryServices_2" */;
			compatibilityVersion = "Xcode 3.2";
			developmentRegion = English;
			hasScannedForEncodings = 0;
			knownRegions = (
				en,
				Base,
			);
			mainGroup = FD753EC7197A256E00CC5DE3;
			productRefGroup = FD753ED1197A256E00CC5DE3 /* Products */;
			projectDirPath = "";
			projectRoot = "";
			targets = (
				FD753ECF197A256E00CC5DE3 /* FerryServices_2 */,
				FD753EE1197A256E00CC5DE3 /* FerryServices_2Tests */,
			);
		};
/* End PBXProject section */

/* Begin PBXResourcesBuildPhase section */
		FD753ECE197A256E00CC5DE3 /* Resources */ = {
			isa = PBXResourcesBuildPhase;
			buildActionMask = 2147483647;
			files = (
				FD753EDB197A256E00CC5DE3 /* Main.storyboard in Resources */,
				FD753EDD197A256E00CC5DE3 /* Images.xcassets in Resources */,
				FDC77613198450AC00B3782F /* timetables.sqlite in Resources */,
			);
			runOnlyForDeploymentPostprocessing = 0;
		};
		FD753EE0197A256E00CC5DE3 /* Resources */ = {
			isa = PBXResourcesBuildPhase;
			buildActionMask = 2147483647;
			files = (
			);
			runOnlyForDeploymentPostprocessing = 0;
		};
/* End PBXResourcesBuildPhase section */

/* Begin PBXShellScriptBuildPhase section */
		44BEF411A32145BAAD7DDE2A /* Check Pods Manifest.lock */ = {
			isa = PBXShellScriptBuildPhase;
			buildActionMask = 2147483647;
			files = (
			);
			inputPaths = (
			);
			name = "Check Pods Manifest.lock";
			outputPaths = (
			);
			runOnlyForDeploymentPostprocessing = 0;
			shellPath = /bin/sh;
			shellScript = "diff \"${PODS_ROOT}/../Podfile.lock\" \"${PODS_ROOT}/Manifest.lock\" > /dev/null\nif [[ $? != 0 ]] ; then\n    cat << EOM\nerror: The sandbox is not in sync with the Podfile.lock. Run 'pod install' or update your CocoaPods installation.\nEOM\n    exit 1\nfi\n";
			showEnvVarsInLog = 0;
		};
		BBF92DCA1122475BAD83A58B /* Copy Pods Resources */ = {
			isa = PBXShellScriptBuildPhase;
			buildActionMask = 2147483647;
			files = (
			);
			inputPaths = (
			);
			name = "Copy Pods Resources";
			outputPaths = (
			);
			runOnlyForDeploymentPostprocessing = 0;
			shellPath = /bin/sh;
			shellScript = "\"${SRCROOT}/Pods/Pods-resources.sh\"\n";
			showEnvVarsInLog = 0;
		};
/* End PBXShellScriptBuildPhase section */

/* Begin PBXSourcesBuildPhase section */
		FD753ECC197A256E00CC5DE3 /* Sources */ = {
			isa = PBXSourcesBuildPhase;
			buildActionMask = 2147483647;
			files = (
				FD753EF3197A289800CC5DE3 /* ServicesViewController.swift in Sources */,
				FD753ED6197A256E00CC5DE3 /* AppDelegate.swift in Sources */,
				FDC7760E19844C3500B3782F /* Location.swift in Sources */,
				FDDEC68C198E3CF50060B18F /* SwiftyJSON.swift in Sources */,
				FDEA4B25198C72D70023A5A7 /* RouteDetails.swift in Sources */,
				FDE0814D1983B85800760870 /* ServiceDetailTableViewController.swift in Sources */,
				FDC7761019844C4000B3782F /* Trip.swift in Sources */,
				FDC7760C19844C2B00B3782F /* Route.swift in Sources */,
				FD5E7DBB197A316F00F438F6 /* APIClient.swift in Sources */,
				FD56684B197B6995001BA286 /* ServiceStatusTableViewCell.swift in Sources */,
				FDE66DCD197A598F008EA4EE /* ServiceStatus.swift in Sources */,
				FDEA4B23198C72CE0023A5A7 /* DisruptionDetails.swift in Sources */,
			);
			runOnlyForDeploymentPostprocessing = 0;
		};
		FD753EDE197A256E00CC5DE3 /* Sources */ = {
			isa = PBXSourcesBuildPhase;
			buildActionMask = 2147483647;
			files = (
				FD753EE9197A256E00CC5DE3 /* FerryServices_2Tests.swift in Sources */,
			);
			runOnlyForDeploymentPostprocessing = 0;
		};
/* End PBXSourcesBuildPhase section */

/* Begin PBXTargetDependency section */
		FD753EE4197A256E00CC5DE3 /* PBXTargetDependency */ = {
			isa = PBXTargetDependency;
			target = FD753ECF197A256E00CC5DE3 /* FerryServices_2 */;
			targetProxy = FD753EE3197A256E00CC5DE3 /* PBXContainerItemProxy */;
		};
/* End PBXTargetDependency section */

/* Begin PBXVariantGroup section */
		FD753ED9197A256E00CC5DE3 /* Main.storyboard */ = {
			isa = PBXVariantGroup;
			children = (
				FD753EDA197A256E00CC5DE3 /* Base */,
			);
			name = Main.storyboard;
			sourceTree = "<group>";
		};
/* End PBXVariantGroup section */

/* Begin XCBuildConfiguration section */
		FD753EEA197A256E00CC5DE3 /* Debug */ = {
			isa = XCBuildConfiguration;
			buildSettings = {
				ALWAYS_SEARCH_USER_PATHS = NO;
				CLANG_CXX_LANGUAGE_STANDARD = "gnu++0x";
				CLANG_CXX_LIBRARY = "libc++";
				CLANG_ENABLE_MODULES = YES;
				CLANG_ENABLE_OBJC_ARC = YES;
				CLANG_WARN_BOOL_CONVERSION = YES;
				CLANG_WARN_CONSTANT_CONVERSION = YES;
				CLANG_WARN_DIRECT_OBJC_ISA_USAGE = YES_ERROR;
				CLANG_WARN_EMPTY_BODY = YES;
				CLANG_WARN_ENUM_CONVERSION = YES;
				CLANG_WARN_INT_CONVERSION = YES;
				CLANG_WARN_OBJC_ROOT_CLASS = YES_ERROR;
				CLANG_WARN_UNREACHABLE_CODE = YES;
				CLANG_WARN__DUPLICATE_METHOD_MATCH = YES;
				"CODE_SIGN_IDENTITY[sdk=iphoneos*]" = "iPhone Developer";
				COPY_PHASE_STRIP = NO;
				ENABLE_STRICT_OBJC_MSGSEND = YES;
				GCC_C_LANGUAGE_STANDARD = gnu99;
				GCC_DYNAMIC_NO_PIC = NO;
				GCC_OPTIMIZATION_LEVEL = 0;
				GCC_PREPROCESSOR_DEFINITIONS = (
					"DEBUG=1",
					"$(inherited)",
				);
				GCC_SYMBOLS_PRIVATE_EXTERN = NO;
				GCC_WARN_64_TO_32_BIT_CONVERSION = YES;
				GCC_WARN_ABOUT_RETURN_TYPE = YES_ERROR;
				GCC_WARN_UNDECLARED_SELECTOR = YES;
				GCC_WARN_UNINITIALIZED_AUTOS = YES_AGGRESSIVE;
				GCC_WARN_UNUSED_FUNCTION = YES;
				GCC_WARN_UNUSED_VARIABLE = YES;
				IPHONEOS_DEPLOYMENT_TARGET = 8.0;
				MTL_ENABLE_DEBUG_INFO = YES;
				ONLY_ACTIVE_ARCH = YES;
				SDKROOT = iphoneos;
				SWIFT_OPTIMIZATION_LEVEL = "-Onone";
			};
			name = Debug;
		};
		FD753EEB197A256E00CC5DE3 /* Release */ = {
			isa = XCBuildConfiguration;
			buildSettings = {
				ALWAYS_SEARCH_USER_PATHS = NO;
				CLANG_CXX_LANGUAGE_STANDARD = "gnu++0x";
				CLANG_CXX_LIBRARY = "libc++";
				CLANG_ENABLE_MODULES = YES;
				CLANG_ENABLE_OBJC_ARC = YES;
				CLANG_WARN_BOOL_CONVERSION = YES;
				CLANG_WARN_CONSTANT_CONVERSION = YES;
				CLANG_WARN_DIRECT_OBJC_ISA_USAGE = YES_ERROR;
				CLANG_WARN_EMPTY_BODY = YES;
				CLANG_WARN_ENUM_CONVERSION = YES;
				CLANG_WARN_INT_CONVERSION = YES;
				CLANG_WARN_OBJC_ROOT_CLASS = YES_ERROR;
				CLANG_WARN_UNREACHABLE_CODE = YES;
				CLANG_WARN__DUPLICATE_METHOD_MATCH = YES;
				"CODE_SIGN_IDENTITY[sdk=iphoneos*]" = "iPhone Developer";
				COPY_PHASE_STRIP = YES;
				ENABLE_NS_ASSERTIONS = NO;
				ENABLE_STRICT_OBJC_MSGSEND = YES;
				GCC_C_LANGUAGE_STANDARD = gnu99;
				GCC_WARN_64_TO_32_BIT_CONVERSION = YES;
				GCC_WARN_ABOUT_RETURN_TYPE = YES_ERROR;
				GCC_WARN_UNDECLARED_SELECTOR = YES;
				GCC_WARN_UNINITIALIZED_AUTOS = YES_AGGRESSIVE;
				GCC_WARN_UNUSED_FUNCTION = YES;
				GCC_WARN_UNUSED_VARIABLE = YES;
				IPHONEOS_DEPLOYMENT_TARGET = 8.0;
				MTL_ENABLE_DEBUG_INFO = NO;
				SDKROOT = iphoneos;
				VALIDATE_PRODUCT = YES;
			};
			name = Release;
		};
		FD753EED197A256E00CC5DE3 /* Debug */ = {
			isa = XCBuildConfiguration;
			baseConfigurationReference = FBF3A3E328204485AED6C991 /* Pods.xcconfig */;
			buildSettings = {
				ASSETCATALOG_COMPILER_APPICON_NAME = AppIcon;
				ASSETCATALOG_COMPILER_LAUNCHIMAGE_NAME = LaunchImage;
				CLANG_ENABLE_MODULES = YES;
				CODE_SIGN_IDENTITY = "iPhone Developer";
				"CODE_SIGN_IDENTITY[sdk=iphoneos*]" = "iPhone Developer: Stefan Church (N8V73QMGL4)";
				INFOPLIST_FILE = FerryServices_2/Info.plist;
				LD_RUNPATH_SEARCH_PATHS = "$(inherited) @executable_path/Frameworks";
				PRODUCT_NAME = "$(TARGET_NAME)";
				PROVISIONING_PROFILE = "7A4FEB75-09C4-4C36-BB32-BAD93C3F239E";
				SWIFT_OBJC_BRIDGING_HEADER = "FerryServices_2/FerryServices_2-Bridging-Header.h";
				SWIFT_OPTIMIZATION_LEVEL = "-Onone";
			};
			name = Debug;
		};
		FD753EEE197A256E00CC5DE3 /* Release */ = {
			isa = XCBuildConfiguration;
			baseConfigurationReference = FBF3A3E328204485AED6C991 /* Pods.xcconfig */;
			buildSettings = {
				ASSETCATALOG_COMPILER_APPICON_NAME = AppIcon;
				ASSETCATALOG_COMPILER_LAUNCHIMAGE_NAME = LaunchImage;
				CLANG_ENABLE_MODULES = YES;
				CODE_SIGN_IDENTITY = "iPhone Developer";
				"CODE_SIGN_IDENTITY[sdk=iphoneos*]" = "iPhone Distribution: Stefan Church (L832SX5MC4)";
				INFOPLIST_FILE = FerryServices_2/Info.plist;
				LD_RUNPATH_SEARCH_PATHS = "$(inherited) @executable_path/Frameworks";
				PRODUCT_NAME = "$(TARGET_NAME)";
				PROVISIONING_PROFILE = "430FB79E-1608-4A54-AEC2-E8633C075862";
				SWIFT_OBJC_BRIDGING_HEADER = "FerryServices_2/FerryServices_2-Bridging-Header.h";
				SWIFT_OPTIMIZATION_LEVEL = "-Onone";
			};
			name = Release;
		};
		FD753EF0197A256E00CC5DE3 /* Debug */ = {
			isa = XCBuildConfiguration;
			buildSettings = {
				BUNDLE_LOADER = "$(BUILT_PRODUCTS_DIR)/FerryServices_2.app/FerryServices_2";
				FRAMEWORK_SEARCH_PATHS = (
					"$(SDKROOT)/Developer/Library/Frameworks",
					"$(inherited)",
				);
				GCC_PREPROCESSOR_DEFINITIONS = (
					"DEBUG=1",
					"$(inherited)",
				);
				INFOPLIST_FILE = FerryServices_2Tests/Info.plist;
				LD_RUNPATH_SEARCH_PATHS = "$(inherited) @executable_path/Frameworks @loader_path/Frameworks";
				PRODUCT_NAME = "$(TARGET_NAME)";
				TEST_HOST = "$(BUNDLE_LOADER)";
			};
			name = Debug;
		};
		FD753EF1197A256E00CC5DE3 /* Release */ = {
			isa = XCBuildConfiguration;
			buildSettings = {
				BUNDLE_LOADER = "$(BUILT_PRODUCTS_DIR)/FerryServices_2.app/FerryServices_2";
				FRAMEWORK_SEARCH_PATHS = (
					"$(SDKROOT)/Developer/Library/Frameworks",
					"$(inherited)",
				);
				INFOPLIST_FILE = FerryServices_2Tests/Info.plist;
				LD_RUNPATH_SEARCH_PATHS = "$(inherited) @executable_path/Frameworks @loader_path/Frameworks";
				PRODUCT_NAME = "$(TARGET_NAME)";
				TEST_HOST = "$(BUNDLE_LOADER)";
			};
			name = Release;
		};
/* End XCBuildConfiguration section */

/* Begin XCConfigurationList section */
		FD753ECB197A256E00CC5DE3 /* Build configuration list for PBXProject "FerryServices_2" */ = {
			isa = XCConfigurationList;
			buildConfigurations = (
				FD753EEA197A256E00CC5DE3 /* Debug */,
				FD753EEB197A256E00CC5DE3 /* Release */,
			);
			defaultConfigurationIsVisible = 0;
			defaultConfigurationName = Release;
		};
		FD753EEC197A256E00CC5DE3 /* Build configuration list for PBXNativeTarget "FerryServices_2" */ = {
			isa = XCConfigurationList;
			buildConfigurations = (
				FD753EED197A256E00CC5DE3 /* Debug */,
				FD753EEE197A256E00CC5DE3 /* Release */,
			);
			defaultConfigurationIsVisible = 0;
			defaultConfigurationName = Release;
		};
		FD753EEF197A256E00CC5DE3 /* Build configuration list for PBXNativeTarget "FerryServices_2Tests" */ = {
			isa = XCConfigurationList;
			buildConfigurations = (
				FD753EF0197A256E00CC5DE3 /* Debug */,
				FD753EF1197A256E00CC5DE3 /* Release */,
			);
			defaultConfigurationIsVisible = 0;
			defaultConfigurationName = Release;
		};
/* End XCConfigurationList section */
	};
	rootObject = FD753EC8197A256E00CC5DE3 /* Project object */;
}
