{
  "pins" : [
    {
      "identity" : "sentry-cocoa",
      "kind" : "remoteSourceControl",
      "location" : "https://github.com/getsentry/sentry-cocoa.git",
      "state" : {
        "revision" : "dc00a3673e3d313e41326bd53802f757defd0eee",
        "version" : "7.28.0"
      }
    }
  ],
  "version" : 2
}
