{
  "pins" : [
    {
      "identity" : "sentry-cocoa",
      "kind" : "remoteSourceControl",
      "location" : "https://github.com/getsentry/sentry-cocoa.git",
      "state" : {
        "revision" : "afa4cd596e5cf97a797fb9b5c3afeea4add2c7a3",
        "version" : "7.15.0"
      }
    }
  ],
  "version" : 2
}
